// !$*UTF8*$!
{
	archiveVersion = 1;
	classes = {
	};
	objectVersion = 55;
	objects = {

/* Begin PBXBuildFile section */
		73F212317456DCBF01782A40 /* Pods_Swalef.framework in Frameworks */ = {isa = PBXBuildFile; fileRef = C4EF3C7AE6F9F5709B1626E8 /* Pods_Swalef.framework */; };
		FA5BFAE727323C7600C7123D /* AppDelegate.swift in Sources */ = {isa = PBXBuildFile; fileRef = FA5BFAE627323C7600C7123D /* AppDelegate.swift */; };
		FA5BFAE927323C7600C7123D /* SceneDelegate.swift in Sources */ = {isa = PBXBuildFile; fileRef = FA5BFAE827323C7600C7123D /* SceneDelegate.swift */; };
		FA5BFAEB27323C7600C7123D /* Models.swift in Sources */ = {isa = PBXBuildFile; fileRef = FA5BFAEA27323C7600C7123D /* Models.swift */; };
		FA5BFAEE27323C7600C7123D /* Main.storyboard in Resources */ = {isa = PBXBuildFile; fileRef = FA5BFAEC27323C7600C7123D /* Main.storyboard */; };
		FA5BFAF027323C7900C7123D /* Assets.xcassets in Resources */ = {isa = PBXBuildFile; fileRef = FA5BFAEF27323C7900C7123D /* Assets.xcassets */; };
		FA5BFAF327323C7900C7123D /* LaunchScreen.storyboard in Resources */ = {isa = PBXBuildFile; fileRef = FA5BFAF127323C7900C7123D /* LaunchScreen.storyboard */; };
		FA5BFAFB27323CD800C7123D /* GoogleService-Info.plist in Resources */ = {isa = PBXBuildFile; fileRef = FA5BFAFA27323CD800C7123D /* GoogleService-Info.plist */; };
		FA5BFAFD2732403100C7123D /* LoginViewController.swift in Sources */ = {isa = PBXBuildFile; fileRef = FA5BFAFC2732403100C7123D /* LoginViewController.swift */; };
		FA5BFAFF2732406C00C7123D /* SignUpViewController.swift in Sources */ = {isa = PBXBuildFile; fileRef = FA5BFAFE2732406C00C7123D /* SignUpViewController.swift */; };
		FA5BFB012732409E00C7123D /* UsersViewController.swift in Sources */ = {isa = PBXBuildFile; fileRef = FA5BFB002732409E00C7123D /* UsersViewController.swift */; };
		FA5BFB032732416900C7123D /* ChatViewController.swift in Sources */ = {isa = PBXBuildFile; fileRef = FA5BFB022732416900C7123D /* ChatViewController.swift */; };
		FA5BFB05273241C900C7123D /* ProfileViewController.swift in Sources */ = {isa = PBXBuildFile; fileRef = FA5BFB04273241C900C7123D /* ProfileViewController.swift */; };
/* End PBXBuildFile section */

/* Begin PBXFileReference section */
		32CF5D358F7C490E392C8DB5 /* Pods-Swalef.release.xcconfig */ = {isa = PBXFileReference; includeInIndex = 1; lastKnownFileType = text.xcconfig; name = "Pods-Swalef.release.xcconfig"; path = "Target Support Files/Pods-Swalef/Pods-Swalef.release.xcconfig"; sourceTree = "<group>"; };
		69DADBA2968CD2B51E3FE8AC /* Pods-Swalef.debug.xcconfig */ = {isa = PBXFileReference; includeInIndex = 1; lastKnownFileType = text.xcconfig; name = "Pods-Swalef.debug.xcconfig"; path = "Target Support Files/Pods-Swalef/Pods-Swalef.debug.xcconfig"; sourceTree = "<group>"; };
		C4EF3C7AE6F9F5709B1626E8 /* Pods_Swalef.framework */ = {isa = PBXFileReference; explicitFileType = wrapper.framework; includeInIndex = 0; path = Pods_Swalef.framework; sourceTree = BUILT_PRODUCTS_DIR; };
		FA5BFAE327323C7600C7123D /* Swalef.app */ = {isa = PBXFileReference; explicitFileType = wrapper.application; includeInIndex = 0; path = Swalef.app; sourceTree = BUILT_PRODUCTS_DIR; };
		FA5BFAE627323C7600C7123D /* AppDelegate.swift */ = {isa = PBXFileReference; lastKnownFileType = sourcecode.swift; path = AppDelegate.swift; sourceTree = "<group>"; };
		FA5BFAE827323C7600C7123D /* SceneDelegate.swift */ = {isa = PBXFileReference; lastKnownFileType = sourcecode.swift; path = SceneDelegate.swift; sourceTree = "<group>"; };
		FA5BFAEA27323C7600C7123D /* Models.swift */ = {isa = PBXFileReference; lastKnownFileType = sourcecode.swift; path = Models.swift; sourceTree = "<group>"; };
		FA5BFAED27323C7600C7123D /* Base */ = {isa = PBXFileReference; lastKnownFileType = file.storyboard; name = Base; path = Base.lproj/Main.storyboard; sourceTree = "<group>"; };
		FA5BFAEF27323C7900C7123D /* Assets.xcassets */ = {isa = PBXFileReference; lastKnownFileType = folder.assetcatalog; path = Assets.xcassets; sourceTree = "<group>"; };
		FA5BFAF227323C7900C7123D /* Base */ = {isa = PBXFileReference; lastKnownFileType = file.storyboard; name = Base; path = Base.lproj/LaunchScreen.storyboard; sourceTree = "<group>"; };
		FA5BFAF427323C7900C7123D /* Info.plist */ = {isa = PBXFileReference; lastKnownFileType = text.plist.xml; path = Info.plist; sourceTree = "<group>"; };
		FA5BFAFA27323CD800C7123D /* GoogleService-Info.plist */ = {isa = PBXFileReference; fileEncoding = 4; lastKnownFileType = text.plist.xml; path = "GoogleService-Info.plist"; sourceTree = "<group>"; };
		FA5BFAFC2732403100C7123D /* LoginViewController.swift */ = {isa = PBXFileReference; lastKnownFileType = sourcecode.swift; path = LoginViewController.swift; sourceTree = "<group>"; };
		FA5BFAFE2732406C00C7123D /* SignUpViewController.swift */ = {isa = PBXFileReference; lastKnownFileType = sourcecode.swift; path = SignUpViewController.swift; sourceTree = "<group>"; };
		FA5BFB002732409E00C7123D /* UsersViewController.swift */ = {isa = PBXFileReference; lastKnownFileType = sourcecode.swift; path = UsersViewController.swift; sourceTree = "<group>"; };
		FA5BFB022732416900C7123D /* ChatViewController.swift */ = {isa = PBXFileReference; lastKnownFileType = sourcecode.swift; path = ChatViewController.swift; sourceTree = "<group>"; };
		FA5BFB04273241C900C7123D /* ProfileViewController.swift */ = {isa = PBXFileReference; lastKnownFileType = sourcecode.swift; path = ProfileViewController.swift; sourceTree = "<group>"; };
/* End PBXFileReference section */

/* Begin PBXFrameworksBuildPhase section */
		FA5BFAE027323C7600C7123D /* Frameworks */ = {
			isa = PBXFrameworksBuildPhase;
			buildActionMask = 2147483647;
			files = (
				73F212317456DCBF01782A40 /* Pods_Swalef.framework in Frameworks */,
			);
			runOnlyForDeploymentPostprocessing = 0;
		};
/* End PBXFrameworksBuildPhase section */

/* Begin PBXGroup section */
		6E01F5A61240053A98BBFFB3 /* Pods */ = {
			isa = PBXGroup;
			children = (
				69DADBA2968CD2B51E3FE8AC /* Pods-Swalef.debug.xcconfig */,
				32CF5D358F7C490E392C8DB5 /* Pods-Swalef.release.xcconfig */,
			);
			path = Pods;
			sourceTree = "<group>";
		};
		A26285FEE77D2F24A00650BB /* Frameworks */ = {
			isa = PBXGroup;
			children = (
				C4EF3C7AE6F9F5709B1626E8 /* Pods_Swalef.framework */,
			);
			name = Frameworks;
			sourceTree = "<group>";
		};
		FA5BFADA27323C7600C7123D = {
			isa = PBXGroup;
			children = (
				FA5BFAE527323C7600C7123D /* Swalef */,
				FA5BFAE427323C7600C7123D /* Products */,
				6E01F5A61240053A98BBFFB3 /* Pods */,
				A26285FEE77D2F24A00650BB /* Frameworks */,
			);
			sourceTree = "<group>";
		};
		FA5BFAE427323C7600C7123D /* Products */ = {
			isa = PBXGroup;
			children = (
				FA5BFAE327323C7600C7123D /* Swalef.app */,
			);
			name = Products;
			sourceTree = "<group>";
		};
		FA5BFAE527323C7600C7123D /* Swalef */ = {
			isa = PBXGroup;
			children = (
				FA5BFAE627323C7600C7123D /* AppDelegate.swift */,
				FA5BFAE827323C7600C7123D /* SceneDelegate.swift */,
				FA5BFAEA27323C7600C7123D /* Models.swift */,
				FA5BFAEC27323C7600C7123D /* Main.storyboard */,
				FA5BFAEF27323C7900C7123D /* Assets.xcassets */,
				FA5BFAF127323C7900C7123D /* LaunchScreen.storyboard */,
				FA5BFAFA27323CD800C7123D /* GoogleService-Info.plist */,
				FA5BFAF427323C7900C7123D /* Info.plist */,
				FA5BFAFC2732403100C7123D /* LoginViewController.swift */,
				FA5BFAFE2732406C00C7123D /* SignUpViewController.swift */,
				FA5BFB002732409E00C7123D /* UsersViewController.swift */,
				FA5BFB022732416900C7123D /* ChatViewController.swift */,
				FA5BFB04273241C900C7123D /* ProfileViewController.swift */,
			);
			path = Swalef;
			sourceTree = "<group>";
		};
/* End PBXGroup section */

/* Begin PBXNativeTarget section */
		FA5BFAE227323C7600C7123D /* Swalef */ = {
			isa = PBXNativeTarget;
			buildConfigurationList = FA5BFAF727323C7900C7123D /* Build configuration list for PBXNativeTarget "Swalef" */;
			buildPhases = (
				94D190AF9CB96EF14964E333 /* [CP] Check Pods Manifest.lock */,
				FA5BFADF27323C7600C7123D /* Sources */,
				FA5BFAE027323C7600C7123D /* Frameworks */,
				FA5BFAE127323C7600C7123D /* Resources */,
				FA0813B8239120FAB430A898 /* [CP] Embed Pods Frameworks */,
			);
			buildRules = (
			);
			dependencies = (
			);
			name = Swalef;
			productName = Swalef;
			productReference = FA5BFAE327323C7600C7123D /* Swalef.app */;
			productType = "com.apple.product-type.application";
		};
/* End PBXNativeTarget section */

/* Begin PBXProject section */
		FA5BFADB27323C7600C7123D /* Project object */ = {
			isa = PBXProject;
			attributes = {
				BuildIndependentTargetsInParallel = 1;
				LastSwiftUpdateCheck = 1300;
				LastUpgradeCheck = 1300;
				TargetAttributes = {
					FA5BFAE227323C7600C7123D = {
						CreatedOnToolsVersion = 13.0;
					};
				};
			};
			buildConfigurationList = FA5BFADE27323C7600C7123D /* Build configuration list for PBXProject "Swalef" */;
			compatibilityVersion = "Xcode 13.0";
			developmentRegion = en;
			hasScannedForEncodings = 0;
			knownRegions = (
				en,
				Base,
			);
			mainGroup = FA5BFADA27323C7600C7123D;
			productRefGroup = FA5BFAE427323C7600C7123D /* Products */;
			projectDirPath = "";
			projectRoot = "";
			targets = (
				FA5BFAE227323C7600C7123D /* Swalef */,
			);
		};
/* End PBXProject section */

/* Begin PBXResourcesBuildPhase section */
		FA5BFAE127323C7600C7123D /* Resources */ = {
			isa = PBXResourcesBuildPhase;
			buildActionMask = 2147483647;
			files = (
				FA5BFAF327323C7900C7123D /* LaunchScreen.storyboard in Resources */,
				FA5BFAF027323C7900C7123D /* Assets.xcassets in Resources */,
				FA5BFAEE27323C7600C7123D /* Main.storyboard in Resources */,
				FA5BFAFB27323CD800C7123D /* GoogleService-Info.plist in Resources */,
			);
			runOnlyForDeploymentPostprocessing = 0;
		};
/* End PBXResourcesBuildPhase section */

/* Begin PBXShellScriptBuildPhase section */
		94D190AF9CB96EF14964E333 /* [CP] Check Pods Manifest.lock */ = {
			isa = PBXShellScriptBuildPhase;
			buildActionMask = 2147483647;
			files = (
			);
			inputFileListPaths = (
			);
			inputPaths = (
				"${PODS_PODFILE_DIR_PATH}/Podfile.lock",
				"${PODS_ROOT}/Manifest.lock",
			);
			name = "[CP] Check Pods Manifest.lock";
			outputFileListPaths = (
			);
			outputPaths = (
				"$(DERIVED_FILE_DIR)/Pods-Swalef-checkManifestLockResult.txt",
			);
			runOnlyForDeploymentPostprocessing = 0;
			shellPath = /bin/sh;
			shellScript = "diff \"${PODS_PODFILE_DIR_PATH}/Podfile.lock\" \"${PODS_ROOT}/Manifest.lock\" > /dev/null\nif [ $? != 0 ] ; then\n    # print error to STDERR\n    echo \"error: The sandbox is not in sync with the Podfile.lock. Run 'pod install' or update your CocoaPods installation.\" >&2\n    exit 1\nfi\n# This output is used by Xcode 'outputs' to avoid re-running this script phase.\necho \"SUCCESS\" > \"${SCRIPT_OUTPUT_FILE_0}\"\n";
			showEnvVarsInLog = 0;
		};
		FA0813B8239120FAB430A898 /* [CP] Embed Pods Frameworks */ = {
			isa = PBXShellScriptBuildPhase;
			buildActionMask = 2147483647;
			files = (
			);
			inputFileListPaths = (
				"${PODS_ROOT}/Target Support Files/Pods-Swalef/Pods-Swalef-frameworks-${CONFIGURATION}-input-files.xcfilelist",
			);
			name = "[CP] Embed Pods Frameworks";
			outputFileListPaths = (
				"${PODS_ROOT}/Target Support Files/Pods-Swalef/Pods-Swalef-frameworks-${CONFIGURATION}-output-files.xcfilelist",
			);
			runOnlyForDeploymentPostprocessing = 0;
			shellPath = /bin/sh;
			shellScript = "\"${PODS_ROOT}/Target Support Files/Pods-Swalef/Pods-Swalef-frameworks.sh\"\n";
			showEnvVarsInLog = 0;
		};
/* End PBXShellScriptBuildPhase section */

/* Begin PBXSourcesBuildPhase section */
		FA5BFADF27323C7600C7123D /* Sources */ = {
			isa = PBXSourcesBuildPhase;
			buildActionMask = 2147483647;
			files = (
				FA5BFAFD2732403100C7123D /* LoginViewController.swift in Sources */,
				FA5BFB012732409E00C7123D /* UsersViewController.swift in Sources */,
				FA5BFAEB27323C7600C7123D /* Models.swift in Sources */,
				FA5BFB032732416900C7123D /* ChatViewController.swift in Sources */,
				FA5BFAE727323C7600C7123D /* AppDelegate.swift in Sources */,
				FA5BFAE927323C7600C7123D /* SceneDelegate.swift in Sources */,
				FA5BFB05273241C900C7123D /* ProfileViewController.swift in Sources */,
				FA5BFAFF2732406C00C7123D /* SignUpViewController.swift in Sources */,
			);
			runOnlyForDeploymentPostprocessing = 0;
		};
/* End PBXSourcesBuildPhase section */

/* Begin PBXVariantGroup section */
		FA5BFAEC27323C7600C7123D /* Main.storyboard */ = {
			isa = PBXVariantGroup;
			children = (
				FA5BFAED27323C7600C7123D /* Base */,
			);
			name = Main.storyboard;
			sourceTree = "<group>";
		};
		FA5BFAF127323C7900C7123D /* LaunchScreen.storyboard */ = {
			isa = PBXVariantGroup;
			children = (
				FA5BFAF227323C7900C7123D /* Base */,
			);
			name = LaunchScreen.storyboard;
			sourceTree = "<group>";
		};
/* End PBXVariantGroup section */

/* Begin XCBuildConfiguration section */
		FA5BFAF527323C7900C7123D /* Debug */ = {
			isa = XCBuildConfiguration;
			buildSettings = {
				ALWAYS_SEARCH_USER_PATHS = NO;
				CLANG_ANALYZER_NONNULL = YES;
				CLANG_ANALYZER_NUMBER_OBJECT_CONVERSION = YES_AGGRESSIVE;
				CLANG_CXX_LANGUAGE_STANDARD = "gnu++17";
				CLANG_CXX_LIBRARY = "libc++";
				CLANG_ENABLE_MODULES = YES;
				CLANG_ENABLE_OBJC_ARC = YES;
				CLANG_ENABLE_OBJC_WEAK = YES;
				CLANG_WARN_BLOCK_CAPTURE_AUTORELEASING = YES;
				CLANG_WARN_BOOL_CONVERSION = YES;
				CLANG_WARN_COMMA = YES;
				CLANG_WARN_CONSTANT_CONVERSION = YES;
				CLANG_WARN_DEPRECATED_OBJC_IMPLEMENTATIONS = YES;
				CLANG_WARN_DIRECT_OBJC_ISA_USAGE = YES_ERROR;
				CLANG_WARN_DOCUMENTATION_COMMENTS = YES;
				CLANG_WARN_EMPTY_BODY = YES;
				CLANG_WARN_ENUM_CONVERSION = YES;
				CLANG_WARN_INFINITE_RECURSION = YES;
				CLANG_WARN_INT_CONVERSION = YES;
				CLANG_WARN_NON_LITERAL_NULL_CONVERSION = YES;
				CLANG_WARN_OBJC_IMPLICIT_RETAIN_SELF = YES;
				CLANG_WARN_OBJC_LITERAL_CONVERSION = YES;
				CLANG_WARN_OBJC_ROOT_CLASS = YES_ERROR;
				CLANG_WARN_QUOTED_INCLUDE_IN_FRAMEWORK_HEADER = YES;
				CLANG_WARN_RANGE_LOOP_ANALYSIS = YES;
				CLANG_WARN_STRICT_PROTOTYPES = YES;
				CLANG_WARN_SUSPICIOUS_MOVE = YES;
				CLANG_WARN_UNGUARDED_AVAILABILITY = YES_AGGRESSIVE;
				CLANG_WARN_UNREACHABLE_CODE = YES;
				CLANG_WARN__DUPLICATE_METHOD_MATCH = YES;
				COPY_PHASE_STRIP = NO;
				DEBUG_INFORMATION_FORMAT = dwarf;
				ENABLE_STRICT_OBJC_MSGSEND = YES;
				ENABLE_TESTABILITY = YES;
				GCC_C_LANGUAGE_STANDARD = gnu11;
				GCC_DYNAMIC_NO_PIC = NO;
				GCC_NO_COMMON_BLOCKS = YES;
				GCC_OPTIMIZATION_LEVEL = 0;
				GCC_PREPROCESSOR_DEFINITIONS = (
					"DEBUG=1",
					"$(inherited)",
				);
				GCC_WARN_64_TO_32_BIT_CONVERSION = YES;
				GCC_WARN_ABOUT_RETURN_TYPE = YES_ERROR;
				GCC_WARN_UNDECLARED_SELECTOR = YES;
				GCC_WARN_UNINITIALIZED_AUTOS = YES_AGGRESSIVE;
				GCC_WARN_UNUSED_FUNCTION = YES;
				GCC_WARN_UNUSED_VARIABLE = YES;
				IPHONEOS_DEPLOYMENT_TARGET = 15.0;
				MTL_ENABLE_DEBUG_INFO = INCLUDE_SOURCE;
				MTL_FAST_MATH = YES;
				ONLY_ACTIVE_ARCH = YES;
				SDKROOT = iphoneos;
				SWIFT_ACTIVE_COMPILATION_CONDITIONS = DEBUG;
				SWIFT_OPTIMIZATION_LEVEL = "-Onone";
			};
			name = Debug;
		};
		FA5BFAF627323C7900C7123D /* Release */ = {
			isa = XCBuildConfiguration;
			buildSettings = {
				ALWAYS_SEARCH_USER_PATHS = NO;
				CLANG_ANALYZER_NONNULL = YES;
				CLANG_ANALYZER_NUMBER_OBJECT_CONVERSION = YES_AGGRESSIVE;
				CLANG_CXX_LANGUAGE_STANDARD = "gnu++17";
				CLANG_CXX_LIBRARY = "libc++";
				CLANG_ENABLE_MODULES = YES;
				CLANG_ENABLE_OBJC_ARC = YES;
				CLANG_ENABLE_OBJC_WEAK = YES;
				CLANG_WARN_BLOCK_CAPTURE_AUTORELEASING = YES;
				CLANG_WARN_BOOL_CONVERSION = YES;
				CLANG_WARN_COMMA = YES;
				CLANG_WARN_CONSTANT_CONVERSION = YES;
				CLANG_WARN_DEPRECATED_OBJC_IMPLEMENTATIONS = YES;
				CLANG_WARN_DIRECT_OBJC_ISA_USAGE = YES_ERROR;
				CLANG_WARN_DOCUMENTATION_COMMENTS = YES;
				CLANG_WARN_EMPTY_BODY = YES;
				CLANG_WARN_ENUM_CONVERSION = YES;
				CLANG_WARN_INFINITE_RECURSION = YES;
				CLANG_WARN_INT_CONVERSION = YES;
				CLANG_WARN_NON_LITERAL_NULL_CONVERSION = YES;
				CLANG_WARN_OBJC_IMPLICIT_RETAIN_SELF = YES;
				CLANG_WARN_OBJC_LITERAL_CONVERSION = YES;
				CLANG_WARN_OBJC_ROOT_CLASS = YES_ERROR;
				CLANG_WARN_QUOTED_INCLUDE_IN_FRAMEWORK_HEADER = YES;
				CLANG_WARN_RANGE_LOOP_ANALYSIS = YES;
				CLANG_WARN_STRICT_PROTOTYPES = YES;
				CLANG_WARN_SUSPICIOUS_MOVE = YES;
				CLANG_WARN_UNGUARDED_AVAILABILITY = YES_AGGRESSIVE;
				CLANG_WARN_UNREACHABLE_CODE = YES;
				CLANG_WARN__DUPLICATE_METHOD_MATCH = YES;
				COPY_PHASE_STRIP = NO;
				DEBUG_INFORMATION_FORMAT = "dwarf-with-dsym";
				ENABLE_NS_ASSERTIONS = NO;
				ENABLE_STRICT_OBJC_MSGSEND = YES;
				GCC_C_LANGUAGE_STANDARD = gnu11;
				GCC_NO_COMMON_BLOCKS = YES;
				GCC_WARN_64_TO_32_BIT_CONVERSION = YES;
				GCC_WARN_ABOUT_RETURN_TYPE = YES_ERROR;
				GCC_WARN_UNDECLARED_SELECTOR = YES;
				GCC_WARN_UNINITIALIZED_AUTOS = YES_AGGRESSIVE;
				GCC_WARN_UNUSED_FUNCTION = YES;
				GCC_WARN_UNUSED_VARIABLE = YES;
				IPHONEOS_DEPLOYMENT_TARGET = 15.0;
				MTL_ENABLE_DEBUG_INFO = NO;
				MTL_FAST_MATH = YES;
				SDKROOT = iphoneos;
				SWIFT_COMPILATION_MODE = wholemodule;
				SWIFT_OPTIMIZATION_LEVEL = "-O";
				VALIDATE_PRODUCT = YES;
			};
			name = Release;
		};
		FA5BFAF827323C7900C7123D /* Debug */ = {
			isa = XCBuildConfiguration;
			baseConfigurationReference = 69DADBA2968CD2B51E3FE8AC /* Pods-Swalef.debug.xcconfig */;
			buildSettings = {
				ASSETCATALOG_COMPILER_APPICON_NAME = AppIcon;
				ASSETCATALOG_COMPILER_GLOBAL_ACCENT_COLOR_NAME = AccentColor;
				CODE_SIGN_STYLE = Automatic;
				CURRENT_PROJECT_VERSION = 1;
				GENERATE_INFOPLIST_FILE = YES;
				INFOPLIST_FILE = Swalef/Info.plist;
				INFOPLIST_KEY_UIApplicationSupportsIndirectInputEvents = YES;
				INFOPLIST_KEY_UILaunchStoryboardName = LaunchScreen;
				INFOPLIST_KEY_UIMainStoryboardFile = Main;
				INFOPLIST_KEY_UISupportedInterfaceOrientations_iPad = "UIInterfaceOrientationPortrait UIInterfaceOrientationPortraitUpsideDown UIInterfaceOrientationLandscapeLeft UIInterfaceOrientationLandscapeRight";
				INFOPLIST_KEY_UISupportedInterfaceOrientations_iPhone = "UIInterfaceOrientationPortrait UIInterfaceOrientationLandscapeLeft UIInterfaceOrientationLandscapeRight";
				LD_RUNPATH_SEARCH_PATHS = (
					"$(inherited)",
					"@executable_path/Frameworks",
				);
				MARKETING_VERSION = 1.0;
				PRODUCT_BUNDLE_IDENTIFIER = com.FA.Swalef;
				PRODUCT_NAME = "$(TARGET_NAME)";
				SWIFT_EMIT_LOC_STRINGS = YES;
				SWIFT_VERSION = 5.0;
				TARGETED_DEVICE_FAMILY = "1,2";
			};
			name = Debug;
		};
		FA5BFAF927323C7900C7123D /* Release */ = {
			isa = XCBuildConfiguration;
			baseConfigurationReference = 32CF5D358F7C490E392C8DB5 /* Pods-Swalef.release.xcconfig */;
			buildSettings = {
				ASSETCATALOG_COMPILER_APPICON_NAME = AppIcon;
				ASSETCATALOG_COMPILER_GLOBAL_ACCENT_COLOR_NAME = AccentColor;
				CODE_SIGN_STYLE = Automatic;
				CURRENT_PROJECT_VERSION = 1;
				GENERATE_INFOPLIST_FILE = YES;
				INFOPLIST_FILE = Swalef/Info.plist;
				INFOPLIST_KEY_UIApplicationSupportsIndirectInputEvents = YES;
				INFOPLIST_KEY_UILaunchStoryboardName = LaunchScreen;
				INFOPLIST_KEY_UIMainStoryboardFile = Main;
				INFOPLIST_KEY_UISupportedInterfaceOrientations_iPad = "UIInterfaceOrientationPortrait UIInterfaceOrientationPortraitUpsideDown UIInterfaceOrientationLandscapeLeft UIInterfaceOrientationLandscapeRight";
				INFOPLIST_KEY_UISupportedInterfaceOrientations_iPhone = "UIInterfaceOrientationPortrait UIInterfaceOrientationLandscapeLeft UIInterfaceOrientationLandscapeRight";
				LD_RUNPATH_SEARCH_PATHS = (
					"$(inherited)",
					"@executable_path/Frameworks",
				);
				MARKETING_VERSION = 1.0;
				PRODUCT_BUNDLE_IDENTIFIER = com.FA.Swalef;
				PRODUCT_NAME = "$(TARGET_NAME)";
				SWIFT_EMIT_LOC_STRINGS = YES;
				SWIFT_VERSION = 5.0;
				TARGETED_DEVICE_FAMILY = "1,2";
			};
			name = Release;
		};
/* End XCBuildConfiguration section */

/* Begin XCConfigurationList section */
		FA5BFADE27323C7600C7123D /* Build configuration list for PBXProject "Swalef" */ = {
			isa = XCConfigurationList;
			buildConfigurations = (
				FA5BFAF527323C7900C7123D /* Debug */,
				FA5BFAF627323C7900C7123D /* Release */,
			);
			defaultConfigurationIsVisible = 0;
			defaultConfigurationName = Release;
		};
		FA5BFAF727323C7900C7123D /* Build configuration list for PBXNativeTarget "Swalef" */ = {
			isa = XCConfigurationList;
			buildConfigurations = (
				FA5BFAF827323C7900C7123D /* Debug */,
				FA5BFAF927323C7900C7123D /* Release */,
			);
			defaultConfigurationIsVisible = 0;
			defaultConfigurationName = Release;
		};
/* End XCConfigurationList section */
	};
	rootObject = FA5BFADB27323C7600C7123D /* Project object */;
}
