// !$*UTF8*$!
{
	archiveVersion = 1;
	classes = {
	};
	objectVersion = 55;
	objects = {

/* Begin PBXBuildFile section */
		06F3BF1827312A01001DFA14 /* GoogleService-Info.plist in Resources */ = {isa = PBXBuildFile; fileRef = 06F3BF1727312A01001DFA14 /* GoogleService-Info.plist */; };
		06F3BF1C27313B68001DFA14 /* CustomTabBar.swift in Sources */ = {isa = PBXBuildFile; fileRef = 06F3BF1B27313B68001DFA14 /* CustomTabBar.swift */; };
		341207A193E4500089F0152C /* Pods_chatapp.framework in Frameworks */ = {isa = PBXBuildFile; fileRef = 9292082C205EF7242D257751 /* Pods_chatapp.framework */; };
		7A60578F272ADFD100B1C09D /* AppDelegate.swift in Sources */ = {isa = PBXBuildFile; fileRef = 7A60578E272ADFD100B1C09D /* AppDelegate.swift */; };
		7A605791272ADFD100B1C09D /* SceneDelegate.swift in Sources */ = {isa = PBXBuildFile; fileRef = 7A605790272ADFD100B1C09D /* SceneDelegate.swift */; };
		7A605798272ADFD200B1C09D /* Assets.xcassets in Resources */ = {isa = PBXBuildFile; fileRef = 7A605797272ADFD200B1C09D /* Assets.xcassets */; };
		7A60579B272ADFD200B1C09D /* LaunchScreen.storyboard in Resources */ = {isa = PBXBuildFile; fileRef = 7A605799272ADFD200B1C09D /* LaunchScreen.storyboard */; };
		7A6A77C3272DC6E4002FCB69 /* DBModel.swift in Sources */ = {isa = PBXBuildFile; fileRef = 7A6A77C2272DC6E4002FCB69 /* DBModel.swift */; };
		7A6A77C5272DC77B002FCB69 /* DirectMessageScreen .swift in Sources */ = {isa = PBXBuildFile; fileRef = 7A6A77C4272DC77B002FCB69 /* DirectMessageScreen .swift */; };
		7A6A77C7272DC830002FCB69 /* ChatScreenTableViewCell.swift in Sources */ = {isa = PBXBuildFile; fileRef = 7A6A77C6272DC830002FCB69 /* ChatScreenTableViewCell.swift */; };
		7A6A77C9272DC86C002FCB69 /* ChatScreen.swift in Sources */ = {isa = PBXBuildFile; fileRef = 7A6A77C8272DC86C002FCB69 /* ChatScreen.swift */; };
		7A6A77CB272DC973002FCB69 /* RegisterScreen.swift in Sources */ = {isa = PBXBuildFile; fileRef = 7A6A77CA272DC973002FCB69 /* RegisterScreen.swift */; };
		7A6B078A272FC336000260D4 /* SettingScreen.swift in Sources */ = {isa = PBXBuildFile; fileRef = 7A6B0789272FC336000260D4 /* SettingScreen.swift */; };
/* End PBXBuildFile section */

/* Begin PBXFileReference section */
		06F3BF1727312A01001DFA14 /* GoogleService-Info.plist */ = {isa = PBXFileReference; fileEncoding = 4; lastKnownFileType = text.plist.xml; path = "GoogleService-Info.plist"; sourceTree = "<group>"; };
		06F3BF1B27313B68001DFA14 /* CustomTabBar.swift */ = {isa = PBXFileReference; lastKnownFileType = sourcecode.swift; path = CustomTabBar.swift; sourceTree = "<group>"; };
		62C0417859E9D0A46E47062F /* Pods-chatapp.release.xcconfig */ = {isa = PBXFileReference; includeInIndex = 1; lastKnownFileType = text.xcconfig; name = "Pods-chatapp.release.xcconfig"; path = "Target Support Files/Pods-chatapp/Pods-chatapp.release.xcconfig"; sourceTree = "<group>"; };
		7A60578B272ADFD100B1C09D /* chatapp.app */ = {isa = PBXFileReference; explicitFileType = wrapper.application; includeInIndex = 0; path = chatapp.app; sourceTree = BUILT_PRODUCTS_DIR; };
		7A60578E272ADFD100B1C09D /* AppDelegate.swift */ = {isa = PBXFileReference; lastKnownFileType = sourcecode.swift; path = AppDelegate.swift; sourceTree = "<group>"; };
		7A605790272ADFD100B1C09D /* SceneDelegate.swift */ = {isa = PBXFileReference; lastKnownFileType = sourcecode.swift; path = SceneDelegate.swift; sourceTree = "<group>"; };
		7A605797272ADFD200B1C09D /* Assets.xcassets */ = {isa = PBXFileReference; lastKnownFileType = folder.assetcatalog; path = Assets.xcassets; sourceTree = "<group>"; };
		7A60579A272ADFD200B1C09D /* Base */ = {isa = PBXFileReference; lastKnownFileType = file.storyboard; name = Base; path = Base.lproj/LaunchScreen.storyboard; sourceTree = "<group>"; };
		7A60579C272ADFD200B1C09D /* Info.plist */ = {isa = PBXFileReference; lastKnownFileType = text.plist.xml; path = Info.plist; sourceTree = "<group>"; };
		7A6A77C2272DC6E4002FCB69 /* DBModel.swift */ = {isa = PBXFileReference; lastKnownFileType = sourcecode.swift; path = DBModel.swift; sourceTree = "<group>"; };
		7A6A77C4272DC77B002FCB69 /* DirectMessageScreen .swift */ = {isa = PBXFileReference; lastKnownFileType = sourcecode.swift; path = "DirectMessageScreen .swift"; sourceTree = "<group>"; };
		7A6A77C6272DC830002FCB69 /* ChatScreenTableViewCell.swift */ = {isa = PBXFileReference; lastKnownFileType = sourcecode.swift; path = ChatScreenTableViewCell.swift; sourceTree = "<group>"; };
		7A6A77C8272DC86C002FCB69 /* ChatScreen.swift */ = {isa = PBXFileReference; lastKnownFileType = sourcecode.swift; path = ChatScreen.swift; sourceTree = "<group>"; };
		7A6A77CA272DC973002FCB69 /* RegisterScreen.swift */ = {isa = PBXFileReference; lastKnownFileType = sourcecode.swift; path = RegisterScreen.swift; sourceTree = "<group>"; };
		7A6B0789272FC336000260D4 /* SettingScreen.swift */ = {isa = PBXFileReference; lastKnownFileType = sourcecode.swift; path = SettingScreen.swift; sourceTree = "<group>"; };
		9292082C205EF7242D257751 /* Pods_chatapp.framework */ = {isa = PBXFileReference; explicitFileType = wrapper.framework; includeInIndex = 0; path = Pods_chatapp.framework; sourceTree = BUILT_PRODUCTS_DIR; };
		B54474915DCDCCAC7A93C361 /* Pods-chatapp.debug.xcconfig */ = {isa = PBXFileReference; includeInIndex = 1; lastKnownFileType = text.xcconfig; name = "Pods-chatapp.debug.xcconfig"; path = "Target Support Files/Pods-chatapp/Pods-chatapp.debug.xcconfig"; sourceTree = "<group>"; };
/* End PBXFileReference section */

/* Begin PBXFrameworksBuildPhase section */
		7A605788272ADFD100B1C09D /* Frameworks */ = {
			isa = PBXFrameworksBuildPhase;
			buildActionMask = 2147483647;
			files = (
				341207A193E4500089F0152C /* Pods_chatapp.framework in Frameworks */,
			);
			runOnlyForDeploymentPostprocessing = 0;
		};
/* End PBXFrameworksBuildPhase section */

/* Begin PBXGroup section */
		7A605782272ADFD100B1C09D = {
			isa = PBXGroup;
			children = (
				7A60578D272ADFD100B1C09D /* chatapp */,
				7A60578C272ADFD100B1C09D /* Products */,
				C4AC7C5D7EEF9C615C9D5ACD /* Pods */,
				A4A5223E83A553642AA574FA /* Frameworks */,
			);
			sourceTree = "<group>";
		};
		7A60578C272ADFD100B1C09D /* Products */ = {
			isa = PBXGroup;
			children = (
				7A60578B272ADFD100B1C09D /* chatapp.app */,
			);
			name = Products;
			sourceTree = "<group>";
		};
		7A60578D272ADFD100B1C09D /* chatapp */ = {
			isa = PBXGroup;
			children = (
				06F3BF1727312A01001DFA14 /* GoogleService-Info.plist */,
				7A6B078B272FD081000260D4 /* Screens */,
				7A60578E272ADFD100B1C09D /* AppDelegate.swift */,
				7A605790272ADFD100B1C09D /* SceneDelegate.swift */,
				7A6A77C6272DC830002FCB69 /* ChatScreenTableViewCell.swift */,
				7A6A77C2272DC6E4002FCB69 /* DBModel.swift */,
				7A605797272ADFD200B1C09D /* Assets.xcassets */,
				7A605799272ADFD200B1C09D /* LaunchScreen.storyboard */,
				7A60579C272ADFD200B1C09D /* Info.plist */,
			);
			path = chatapp;
			sourceTree = "<group>";
		};
		7A6B078B272FD081000260D4 /* Screens */ = {
			isa = PBXGroup;
			children = (
				7A6B0789272FC336000260D4 /* SettingScreen.swift */,
				7A6A77C8272DC86C002FCB69 /* ChatScreen.swift */,
				7A6A77C4272DC77B002FCB69 /* DirectMessageScreen .swift */,
				7A6A77CA272DC973002FCB69 /* RegisterScreen.swift */,
				06F3BF1B27313B68001DFA14 /* CustomTabBar.swift */,
			);
			path = Screens;
			sourceTree = "<group>";
		};
		A4A5223E83A553642AA574FA /* Frameworks */ = {
			isa = PBXGroup;
			children = (
				9292082C205EF7242D257751 /* Pods_chatapp.framework */,
			);
			name = Frameworks;
			sourceTree = "<group>";
		};
		C4AC7C5D7EEF9C615C9D5ACD /* Pods */ = {
			isa = PBXGroup;
			children = (
				B54474915DCDCCAC7A93C361 /* Pods-chatapp.debug.xcconfig */,
				62C0417859E9D0A46E47062F /* Pods-chatapp.release.xcconfig */,
			);
			path = Pods;
			sourceTree = "<group>";
		};
/* End PBXGroup section */

/* Begin PBXNativeTarget section */
		7A60578A272ADFD100B1C09D /* chatapp */ = {
			isa = PBXNativeTarget;
			buildConfigurationList = 7A60579F272ADFD200B1C09D /* Build configuration list for PBXNativeTarget "chatapp" */;
			buildPhases = (
				BFE0322EF36421717FC2F5A4 /* [CP] Check Pods Manifest.lock */,
				7A605787272ADFD100B1C09D /* Sources */,
				7A605788272ADFD100B1C09D /* Frameworks */,
				7A605789272ADFD100B1C09D /* Resources */,
				0CD5D81FC3B3E374467385FF /* [CP] Embed Pods Frameworks */,
			);
			buildRules = (
			);
			dependencies = (
			);
			name = chatapp;
			productName = chatapp;
			productReference = 7A60578B272ADFD100B1C09D /* chatapp.app */;
			productType = "com.apple.product-type.application";
		};
/* End PBXNativeTarget section */

/* Begin PBXProject section */
		7A605783272ADFD100B1C09D /* Project object */ = {
			isa = PBXProject;
			attributes = {
				BuildIndependentTargetsInParallel = 1;
				LastSwiftUpdateCheck = 1300;
				LastUpgradeCheck = 1300;
				TargetAttributes = {
					7A60578A272ADFD100B1C09D = {
						CreatedOnToolsVersion = 13.0;
					};
				};
			};
			buildConfigurationList = 7A605786272ADFD100B1C09D /* Build configuration list for PBXProject "chatapp" */;
			compatibilityVersion = "Xcode 13.0";
			developmentRegion = en;
			hasScannedForEncodings = 0;
			knownRegions = (
				en,
				Base,
			);
			mainGroup = 7A605782272ADFD100B1C09D;
			productRefGroup = 7A60578C272ADFD100B1C09D /* Products */;
			projectDirPath = "";
			projectRoot = "";
			targets = (
				7A60578A272ADFD100B1C09D /* chatapp */,
			);
		};
/* End PBXProject section */

/* Begin PBXResourcesBuildPhase section */
		7A605789272ADFD100B1C09D /* Resources */ = {
			isa = PBXResourcesBuildPhase;
			buildActionMask = 2147483647;
			files = (
				7A60579B272ADFD200B1C09D /* LaunchScreen.storyboard in Resources */,
				7A605798272ADFD200B1C09D /* Assets.xcassets in Resources */,
				06F3BF1827312A01001DFA14 /* GoogleService-Info.plist in Resources */,
			);
			runOnlyForDeploymentPostprocessing = 0;
		};
/* End PBXResourcesBuildPhase section */

/* Begin PBXShellScriptBuildPhase section */
		0CD5D81FC3B3E374467385FF /* [CP] Embed Pods Frameworks */ = {
			isa = PBXShellScriptBuildPhase;
			buildActionMask = 2147483647;
			files = (
			);
			inputFileListPaths = (
				"${PODS_ROOT}/Target Support Files/Pods-chatapp/Pods-chatapp-frameworks-${CONFIGURATION}-input-files.xcfilelist",
			);
			name = "[CP] Embed Pods Frameworks";
			outputFileListPaths = (
				"${PODS_ROOT}/Target Support Files/Pods-chatapp/Pods-chatapp-frameworks-${CONFIGURATION}-output-files.xcfilelist",
			);
			runOnlyForDeploymentPostprocessing = 0;
			shellPath = /bin/sh;
			shellScript = "\"${PODS_ROOT}/Target Support Files/Pods-chatapp/Pods-chatapp-frameworks.sh\"\n";
			showEnvVarsInLog = 0;
		};
		BFE0322EF36421717FC2F5A4 /* [CP] Check Pods Manifest.lock */ = {
			isa = PBXShellScriptBuildPhase;
			buildActionMask = 2147483647;
			files = (
			);
			inputFileListPaths = (
			);
			inputPaths = (
				"${PODS_PODFILE_DIR_PATH}/Podfile.lock",
				"${PODS_ROOT}/Manifest.lock",
			);
			name = "[CP] Check Pods Manifest.lock";
			outputFileListPaths = (
			);
			outputPaths = (
				"$(DERIVED_FILE_DIR)/Pods-chatapp-checkManifestLockResult.txt",
			);
			runOnlyForDeploymentPostprocessing = 0;
			shellPath = /bin/sh;
			shellScript = "diff \"${PODS_PODFILE_DIR_PATH}/Podfile.lock\" \"${PODS_ROOT}/Manifest.lock\" > /dev/null\nif [ $? != 0 ] ; then\n    # print error to STDERR\n    echo \"error: The sandbox is not in sync with the Podfile.lock. Run 'pod install' or update your CocoaPods installation.\" >&2\n    exit 1\nfi\n# This output is used by Xcode 'outputs' to avoid re-running this script phase.\necho \"SUCCESS\" > \"${SCRIPT_OUTPUT_FILE_0}\"\n";
			showEnvVarsInLog = 0;
		};
/* End PBXShellScriptBuildPhase section */

/* Begin PBXSourcesBuildPhase section */
		7A605787272ADFD100B1C09D /* Sources */ = {
			isa = PBXSourcesBuildPhase;
			buildActionMask = 2147483647;
			files = (
				7A6A77C3272DC6E4002FCB69 /* DBModel.swift in Sources */,
				7A60578F272ADFD100B1C09D /* AppDelegate.swift in Sources */,
				7A6A77CB272DC973002FCB69 /* RegisterScreen.swift in Sources */,
				7A6A77C9272DC86C002FCB69 /* ChatScreen.swift in Sources */,
				06F3BF1C27313B68001DFA14 /* CustomTabBar.swift in Sources */,
				7A6B078A272FC336000260D4 /* SettingScreen.swift in Sources */,
				7A605791272ADFD100B1C09D /* SceneDelegate.swift in Sources */,
				7A6A77C7272DC830002FCB69 /* ChatScreenTableViewCell.swift in Sources */,
				7A6A77C5272DC77B002FCB69 /* DirectMessageScreen .swift in Sources */,
			);
			runOnlyForDeploymentPostprocessing = 0;
		};
/* End PBXSourcesBuildPhase section */

/* Begin PBXVariantGroup section */
		7A605799272ADFD200B1C09D /* LaunchScreen.storyboard */ = {
			isa = PBXVariantGroup;
			children = (
				7A60579A272ADFD200B1C09D /* Base */,
			);
			name = LaunchScreen.storyboard;
			sourceTree = "<group>";
		};
/* End PBXVariantGroup section */

/* Begin XCBuildConfiguration section */
		7A60579D272ADFD200B1C09D /* Debug */ = {
			isa = XCBuildConfiguration;
			buildSettings = {
				ALWAYS_SEARCH_USER_PATHS = NO;
				CLANG_ANALYZER_NONNULL = YES;
				CLANG_ANALYZER_NUMBER_OBJECT_CONVERSION = YES_AGGRESSIVE;
				CLANG_CXX_LANGUAGE_STANDARD = "gnu++17";
				CLANG_CXX_LIBRARY = "libc++";
				CLANG_ENABLE_MODULES = YES;
				CLANG_ENABLE_OBJC_ARC = YES;
				CLANG_ENABLE_OBJC_WEAK = YES;
				CLANG_WARN_BLOCK_CAPTURE_AUTORELEASING = YES;
				CLANG_WARN_BOOL_CONVERSION = YES;
				CLANG_WARN_COMMA = YES;
				CLANG_WARN_CONSTANT_CONVERSION = YES;
				CLANG_WARN_DEPRECATED_OBJC_IMPLEMENTATIONS = YES;
				CLANG_WARN_DIRECT_OBJC_ISA_USAGE = YES_ERROR;
				CLANG_WARN_DOCUMENTATION_COMMENTS = YES;
				CLANG_WARN_EMPTY_BODY = YES;
				CLANG_WARN_ENUM_CONVERSION = YES;
				CLANG_WARN_INFINITE_RECURSION = YES;
				CLANG_WARN_INT_CONVERSION = YES;
				CLANG_WARN_NON_LITERAL_NULL_CONVERSION = YES;
				CLANG_WARN_OBJC_IMPLICIT_RETAIN_SELF = YES;
				CLANG_WARN_OBJC_LITERAL_CONVERSION = YES;
				CLANG_WARN_OBJC_ROOT_CLASS = YES_ERROR;
				CLANG_WARN_QUOTED_INCLUDE_IN_FRAMEWORK_HEADER = YES;
				CLANG_WARN_RANGE_LOOP_ANALYSIS = YES;
				CLANG_WARN_STRICT_PROTOTYPES = YES;
				CLANG_WARN_SUSPICIOUS_MOVE = YES;
				CLANG_WARN_UNGUARDED_AVAILABILITY = YES_AGGRESSIVE;
				CLANG_WARN_UNREACHABLE_CODE = YES;
				CLANG_WARN__DUPLICATE_METHOD_MATCH = YES;
				COPY_PHASE_STRIP = NO;
				DEBUG_INFORMATION_FORMAT = dwarf;
				ENABLE_STRICT_OBJC_MSGSEND = YES;
				ENABLE_TESTABILITY = YES;
				GCC_C_LANGUAGE_STANDARD = gnu11;
				GCC_DYNAMIC_NO_PIC = NO;
				GCC_NO_COMMON_BLOCKS = YES;
				GCC_OPTIMIZATION_LEVEL = 0;
				GCC_PREPROCESSOR_DEFINITIONS = (
					"DEBUG=1",
					"$(inherited)",
				);
				GCC_WARN_64_TO_32_BIT_CONVERSION = YES;
				GCC_WARN_ABOUT_RETURN_TYPE = YES_ERROR;
				GCC_WARN_UNDECLARED_SELECTOR = YES;
				GCC_WARN_UNINITIALIZED_AUTOS = YES_AGGRESSIVE;
				GCC_WARN_UNUSED_FUNCTION = YES;
				GCC_WARN_UNUSED_VARIABLE = YES;
				IPHONEOS_DEPLOYMENT_TARGET = 15.0;
				MTL_ENABLE_DEBUG_INFO = INCLUDE_SOURCE;
				MTL_FAST_MATH = YES;
				ONLY_ACTIVE_ARCH = YES;
				SDKROOT = iphoneos;
				SWIFT_ACTIVE_COMPILATION_CONDITIONS = DEBUG;
				SWIFT_OPTIMIZATION_LEVEL = "-Onone";
			};
			name = Debug;
		};
		7A60579E272ADFD200B1C09D /* Release */ = {
			isa = XCBuildConfiguration;
			buildSettings = {
				ALWAYS_SEARCH_USER_PATHS = NO;
				CLANG_ANALYZER_NONNULL = YES;
				CLANG_ANALYZER_NUMBER_OBJECT_CONVERSION = YES_AGGRESSIVE;
				CLANG_CXX_LANGUAGE_STANDARD = "gnu++17";
				CLANG_CXX_LIBRARY = "libc++";
				CLANG_ENABLE_MODULES = YES;
				CLANG_ENABLE_OBJC_ARC = YES;
				CLANG_ENABLE_OBJC_WEAK = YES;
				CLANG_WARN_BLOCK_CAPTURE_AUTORELEASING = YES;
				CLANG_WARN_BOOL_CONVERSION = YES;
				CLANG_WARN_COMMA = YES;
				CLANG_WARN_CONSTANT_CONVERSION = YES;
				CLANG_WARN_DEPRECATED_OBJC_IMPLEMENTATIONS = YES;
				CLANG_WARN_DIRECT_OBJC_ISA_USAGE = YES_ERROR;
				CLANG_WARN_DOCUMENTATION_COMMENTS = YES;
				CLANG_WARN_EMPTY_BODY = YES;
				CLANG_WARN_ENUM_CONVERSION = YES;
				CLANG_WARN_INFINITE_RECURSION = YES;
				CLANG_WARN_INT_CONVERSION = YES;
				CLANG_WARN_NON_LITERAL_NULL_CONVERSION = YES;
				CLANG_WARN_OBJC_IMPLICIT_RETAIN_SELF = YES;
				CLANG_WARN_OBJC_LITERAL_CONVERSION = YES;
				CLANG_WARN_OBJC_ROOT_CLASS = YES_ERROR;
				CLANG_WARN_QUOTED_INCLUDE_IN_FRAMEWORK_HEADER = YES;
				CLANG_WARN_RANGE_LOOP_ANALYSIS = YES;
				CLANG_WARN_STRICT_PROTOTYPES = YES;
				CLANG_WARN_SUSPICIOUS_MOVE = YES;
				CLANG_WARN_UNGUARDED_AVAILABILITY = YES_AGGRESSIVE;
				CLANG_WARN_UNREACHABLE_CODE = YES;
				CLANG_WARN__DUPLICATE_METHOD_MATCH = YES;
				COPY_PHASE_STRIP = NO;
				DEBUG_INFORMATION_FORMAT = "dwarf-with-dsym";
				ENABLE_NS_ASSERTIONS = NO;
				ENABLE_STRICT_OBJC_MSGSEND = YES;
				GCC_C_LANGUAGE_STANDARD = gnu11;
				GCC_NO_COMMON_BLOCKS = YES;
				GCC_WARN_64_TO_32_BIT_CONVERSION = YES;
				GCC_WARN_ABOUT_RETURN_TYPE = YES_ERROR;
				GCC_WARN_UNDECLARED_SELECTOR = YES;
				GCC_WARN_UNINITIALIZED_AUTOS = YES_AGGRESSIVE;
				GCC_WARN_UNUSED_FUNCTION = YES;
				GCC_WARN_UNUSED_VARIABLE = YES;
				IPHONEOS_DEPLOYMENT_TARGET = 15.0;
				MTL_ENABLE_DEBUG_INFO = NO;
				MTL_FAST_MATH = YES;
				SDKROOT = iphoneos;
				SWIFT_COMPILATION_MODE = wholemodule;
				SWIFT_OPTIMIZATION_LEVEL = "-O";
				VALIDATE_PRODUCT = YES;
			};
			name = Release;
		};
		7A6057A0272ADFD200B1C09D /* Debug */ = {
			isa = XCBuildConfiguration;
			baseConfigurationReference = B54474915DCDCCAC7A93C361 /* Pods-chatapp.debug.xcconfig */;
			buildSettings = {
				ASSETCATALOG_COMPILER_APPICON_NAME = AppIcon;
				ASSETCATALOG_COMPILER_GLOBAL_ACCENT_COLOR_NAME = AccentColor;
				CODE_SIGN_STYLE = Automatic;
				CURRENT_PROJECT_VERSION = 1;
				GENERATE_INFOPLIST_FILE = YES;
				INFOPLIST_FILE = chatapp/Info.plist;
				INFOPLIST_KEY_UIApplicationSupportsIndirectInputEvents = YES;
				INFOPLIST_KEY_UILaunchStoryboardName = LaunchScreen;
				INFOPLIST_KEY_UISupportedInterfaceOrientations_iPad = "UIInterfaceOrientationPortrait UIInterfaceOrientationPortraitUpsideDown UIInterfaceOrientationLandscapeLeft UIInterfaceOrientationLandscapeRight";
				INFOPLIST_KEY_UISupportedInterfaceOrientations_iPhone = "UIInterfaceOrientationPortrait UIInterfaceOrientationLandscapeLeft UIInterfaceOrientationLandscapeRight";
				LD_RUNPATH_SEARCH_PATHS = (
					"$(inherited)",
					"@executable_path/Frameworks",
				);
				MARKETING_VERSION = 1.0;
				PRODUCT_BUNDLE_IDENTIFIER = kholod.com.chatapp;
				PRODUCT_NAME = "$(TARGET_NAME)";
				SWIFT_EMIT_LOC_STRINGS = YES;
				SWIFT_VERSION = 5.0;
				TARGETED_DEVICE_FAMILY = "1,2";
			};
			name = Debug;
		};
		7A6057A1272ADFD200B1C09D /* Release */ = {
			isa = XCBuildConfiguration;
			baseConfigurationReference = 62C0417859E9D0A46E47062F /* Pods-chatapp.release.xcconfig */;
			buildSettings = {
				ASSETCATALOG_COMPILER_APPICON_NAME = AppIcon;
				ASSETCATALOG_COMPILER_GLOBAL_ACCENT_COLOR_NAME = AccentColor;
				CODE_SIGN_STYLE = Automatic;
				CURRENT_PROJECT_VERSION = 1;
				GENERATE_INFOPLIST_FILE = YES;
				INFOPLIST_FILE = chatapp/Info.plist;
				INFOPLIST_KEY_UIApplicationSupportsIndirectInputEvents = YES;
				INFOPLIST_KEY_UILaunchStoryboardName = LaunchScreen;
				INFOPLIST_KEY_UISupportedInterfaceOrientations_iPad = "UIInterfaceOrientationPortrait UIInterfaceOrientationPortraitUpsideDown UIInterfaceOrientationLandscapeLeft UIInterfaceOrientationLandscapeRight";
				INFOPLIST_KEY_UISupportedInterfaceOrientations_iPhone = "UIInterfaceOrientationPortrait UIInterfaceOrientationLandscapeLeft UIInterfaceOrientationLandscapeRight";
				LD_RUNPATH_SEARCH_PATHS = (
					"$(inherited)",
					"@executable_path/Frameworks",
				);
				MARKETING_VERSION = 1.0;
				PRODUCT_BUNDLE_IDENTIFIER = kholod.com.chatapp;
				PRODUCT_NAME = "$(TARGET_NAME)";
				SWIFT_EMIT_LOC_STRINGS = YES;
				SWIFT_VERSION = 5.0;
				TARGETED_DEVICE_FAMILY = "1,2";
			};
			name = Release;
		};
/* End XCBuildConfiguration section */

/* Begin XCConfigurationList section */
		7A605786272ADFD100B1C09D /* Build configuration list for PBXProject "chatapp" */ = {
			isa = XCConfigurationList;
			buildConfigurations = (
				7A60579D272ADFD200B1C09D /* Debug */,
				7A60579E272ADFD200B1C09D /* Release */,
			);
			defaultConfigurationIsVisible = 0;
			defaultConfigurationName = Release;
		};
		7A60579F272ADFD200B1C09D /* Build configuration list for PBXNativeTarget "chatapp" */ = {
			isa = XCConfigurationList;
			buildConfigurations = (
				7A6057A0272ADFD200B1C09D /* Debug */,
				7A6057A1272ADFD200B1C09D /* Release */,
			);
			defaultConfigurationIsVisible = 0;
			defaultConfigurationName = Release;
		};
/* End XCConfigurationList section */
	};
	rootObject = 7A605783272ADFD100B1C09D /* Project object */;
}
