// !$*UTF8*$!
{
	archiveVersion = 1;
	classes = {
	};
	objectVersion = 55;
	objects = {

/* Begin PBXBuildFile section */
		E2544071C710E313123604EB /* Pods_chatApp.framework in Frameworks */ = {isa = PBXBuildFile; fileRef = 253B129DE86A10A1E4B48491 /* Pods_chatApp.framework */; };
		E80A950B272AC45400854489 /* AppDelegate.swift in Sources */ = {isa = PBXBuildFile; fileRef = E80A950A272AC45400854489 /* AppDelegate.swift */; };
		E80A950D272AC45400854489 /* SceneDelegate.swift in Sources */ = {isa = PBXBuildFile; fileRef = E80A950C272AC45400854489 /* SceneDelegate.swift */; };
		E80A9514272AC45500854489 /* Assets.xcassets in Resources */ = {isa = PBXBuildFile; fileRef = E80A9513272AC45500854489 /* Assets.xcassets */; };
		E80A9517272AC45500854489 /* LaunchScreen.storyboard in Resources */ = {isa = PBXBuildFile; fileRef = E80A9515272AC45500854489 /* LaunchScreen.storyboard */; };
		E80A951F272ADF4300854489 /* GoogleService-Info.plist in Resources */ = {isa = PBXBuildFile; fileRef = E80A951E272ADF4300854489 /* GoogleService-Info.plist */; };
		E80A9527272DD08F00854489 /* RegisterScreen.swift in Sources */ = {isa = PBXBuildFile; fileRef = E80A9526272DD08F00854489 /* RegisterScreen.swift */; };
		E80A9529272DD0D200854489 /* ChatScreen.swift in Sources */ = {isa = PBXBuildFile; fileRef = E80A9528272DD0D200854489 /* ChatScreen.swift */; };
		E80A952B272DD0F600854489 /* ChatScreenTableViewCell.swift in Sources */ = {isa = PBXBuildFile; fileRef = E80A952A272DD0F600854489 /* ChatScreenTableViewCell.swift */; };
		E80A952D272DD11C00854489 /* DirectMessageScreen.swift in Sources */ = {isa = PBXBuildFile; fileRef = E80A952C272DD11C00854489 /* DirectMessageScreen.swift */; };
		E80A952F272DD15500854489 /* DBModel.swift in Sources */ = {isa = PBXBuildFile; fileRef = E80A952E272DD15500854489 /* DBModel.swift */; };
		E80A9531272FC73B00854489 /* settingScreen.swift in Sources */ = {isa = PBXBuildFile; fileRef = E80A9530272FC73B00854489 /* settingScreen.swift */; };
		E80A953327306E9500854489 /* TabBarCustom.swift in Sources */ = {isa = PBXBuildFile; fileRef = E80A953227306E9500854489 /* TabBarCustom.swift */; };
/* End PBXBuildFile section */

/* Begin PBXFileReference section */
		253B129DE86A10A1E4B48491 /* Pods_chatApp.framework */ = {isa = PBXFileReference; explicitFileType = wrapper.framework; includeInIndex = 0; path = Pods_chatApp.framework; sourceTree = BUILT_PRODUCTS_DIR; };
		5C705DAD43DF2C49B93390FB /* Pods-chatApp.release.xcconfig */ = {isa = PBXFileReference; includeInIndex = 1; lastKnownFileType = text.xcconfig; name = "Pods-chatApp.release.xcconfig"; path = "Target Support Files/Pods-chatApp/Pods-chatApp.release.xcconfig"; sourceTree = "<group>"; };
		CB8BBB55D6EDCD9A6C1A9874 /* Pods-chatApp.debug.xcconfig */ = {isa = PBXFileReference; includeInIndex = 1; lastKnownFileType = text.xcconfig; name = "Pods-chatApp.debug.xcconfig"; path = "Target Support Files/Pods-chatApp/Pods-chatApp.debug.xcconfig"; sourceTree = "<group>"; };
		E80A9507272AC45400854489 /* chatApp.app */ = {isa = PBXFileReference; explicitFileType = wrapper.application; includeInIndex = 0; path = chatApp.app; sourceTree = BUILT_PRODUCTS_DIR; };
		E80A950A272AC45400854489 /* AppDelegate.swift */ = {isa = PBXFileReference; lastKnownFileType = sourcecode.swift; path = AppDelegate.swift; sourceTree = "<group>"; };
		E80A950C272AC45400854489 /* SceneDelegate.swift */ = {isa = PBXFileReference; lastKnownFileType = sourcecode.swift; path = SceneDelegate.swift; sourceTree = "<group>"; };
		E80A9513272AC45500854489 /* Assets.xcassets */ = {isa = PBXFileReference; lastKnownFileType = folder.assetcatalog; path = Assets.xcassets; sourceTree = "<group>"; };
		E80A9516272AC45500854489 /* Base */ = {isa = PBXFileReference; lastKnownFileType = file.storyboard; name = Base; path = Base.lproj/LaunchScreen.storyboard; sourceTree = "<group>"; };
		E80A9518272AC45500854489 /* Info.plist */ = {isa = PBXFileReference; lastKnownFileType = text.plist.xml; path = Info.plist; sourceTree = "<group>"; };
		E80A951E272ADF4300854489 /* GoogleService-Info.plist */ = {isa = PBXFileReference; fileEncoding = 4; lastKnownFileType = text.plist.xml; path = "GoogleService-Info.plist"; sourceTree = "<group>"; };
		E80A9526272DD08F00854489 /* RegisterScreen.swift */ = {isa = PBXFileReference; lastKnownFileType = sourcecode.swift; path = RegisterScreen.swift; sourceTree = "<group>"; };
		E80A9528272DD0D200854489 /* ChatScreen.swift */ = {isa = PBXFileReference; lastKnownFileType = sourcecode.swift; path = ChatScreen.swift; sourceTree = "<group>"; };
		E80A952A272DD0F600854489 /* ChatScreenTableViewCell.swift */ = {isa = PBXFileReference; lastKnownFileType = sourcecode.swift; path = ChatScreenTableViewCell.swift; sourceTree = "<group>"; };
		E80A952C272DD11C00854489 /* DirectMessageScreen.swift */ = {isa = PBXFileReference; lastKnownFileType = sourcecode.swift; path = DirectMessageScreen.swift; sourceTree = "<group>"; };
		E80A952E272DD15500854489 /* DBModel.swift */ = {isa = PBXFileReference; lastKnownFileType = sourcecode.swift; path = DBModel.swift; sourceTree = "<group>"; };
		E80A9530272FC73B00854489 /* settingScreen.swift */ = {isa = PBXFileReference; lastKnownFileType = sourcecode.swift; path = settingScreen.swift; sourceTree = "<group>"; };
		E80A953227306E9500854489 /* TabBarCustom.swift */ = {isa = PBXFileReference; lastKnownFileType = sourcecode.swift; path = TabBarCustom.swift; sourceTree = "<group>"; };
/* End PBXFileReference section */

/* Begin PBXFrameworksBuildPhase section */
		E80A9504272AC45400854489 /* Frameworks */ = {
			isa = PBXFrameworksBuildPhase;
			buildActionMask = 2147483647;
			files = (
				E2544071C710E313123604EB /* Pods_chatApp.framework in Frameworks */,
			);
			runOnlyForDeploymentPostprocessing = 0;
		};
/* End PBXFrameworksBuildPhase section */

/* Begin PBXGroup section */
		64737B8EBC7FA49B24505F5F /* Pods */ = {
			isa = PBXGroup;
			children = (
				CB8BBB55D6EDCD9A6C1A9874 /* Pods-chatApp.debug.xcconfig */,
				5C705DAD43DF2C49B93390FB /* Pods-chatApp.release.xcconfig */,
			);
			path = Pods;
			sourceTree = "<group>";
		};
		66851841529FE0E0E756F455 /* Frameworks */ = {
			isa = PBXGroup;
			children = (
				253B129DE86A10A1E4B48491 /* Pods_chatApp.framework */,
			);
			name = Frameworks;
			sourceTree = "<group>";
		};
		E80A94FE272AC45400854489 = {
			isa = PBXGroup;
			children = (
				E80A9509272AC45400854489 /* chatApp */,
				E80A9508272AC45400854489 /* Products */,
				64737B8EBC7FA49B24505F5F /* Pods */,
				66851841529FE0E0E756F455 /* Frameworks */,
			);
			sourceTree = "<group>";
		};
		E80A9508272AC45400854489 /* Products */ = {
			isa = PBXGroup;
			children = (
				E80A9507272AC45400854489 /* chatApp.app */,
			);
			name = Products;
			sourceTree = "<group>";
		};
		E80A9509272AC45400854489 /* chatApp */ = {
			isa = PBXGroup;
			children = (
				E80A951E272ADF4300854489 /* GoogleService-Info.plist */,
				E80A950A272AC45400854489 /* AppDelegate.swift */,
				E80A950C272AC45400854489 /* SceneDelegate.swift */,
				E80A9526272DD08F00854489 /* RegisterScreen.swift */,
				E80A9528272DD0D200854489 /* ChatScreen.swift */,
				E80A952A272DD0F600854489 /* ChatScreenTableViewCell.swift */,
				E80A9530272FC73B00854489 /* settingScreen.swift */,
				E80A952C272DD11C00854489 /* DirectMessageScreen.swift */,
				E80A953227306E9500854489 /* TabBarCustom.swift */,
				E80A952E272DD15500854489 /* DBModel.swift */,
				E80A9513272AC45500854489 /* Assets.xcassets */,
				E80A9515272AC45500854489 /* LaunchScreen.storyboard */,
				E80A9518272AC45500854489 /* Info.plist */,
			);
			path = chatApp;
			sourceTree = "<group>";
		};
/* End PBXGroup section */

/* Begin PBXNativeTarget section */
		E80A9506272AC45400854489 /* chatApp */ = {
			isa = PBXNativeTarget;
			buildConfigurationList = E80A951B272AC45500854489 /* Build configuration list for PBXNativeTarget "chatApp" */;
			buildPhases = (
				D2A9C770EB0151FD4364EECF /* [CP] Check Pods Manifest.lock */,
				E80A9503272AC45400854489 /* Sources */,
				E80A9504272AC45400854489 /* Frameworks */,
				E80A9505272AC45400854489 /* Resources */,
				4827507468E4F62B824C9048 /* [CP] Embed Pods Frameworks */,
			);
			buildRules = (
			);
			dependencies = (
			);
			name = chatApp;
			productName = chatApp;
			productReference = E80A9507272AC45400854489 /* chatApp.app */;
			productType = "com.apple.product-type.application";
		};
/* End PBXNativeTarget section */

/* Begin PBXProject section */
		E80A94FF272AC45400854489 /* Project object */ = {
			isa = PBXProject;
			attributes = {
				BuildIndependentTargetsInParallel = 1;
				LastSwiftUpdateCheck = 1300;
				LastUpgradeCheck = 1300;
				TargetAttributes = {
					E80A9506272AC45400854489 = {
						CreatedOnToolsVersion = 13.0;
					};
				};
			};
			buildConfigurationList = E80A9502272AC45400854489 /* Build configuration list for PBXProject "chatApp" */;
			compatibilityVersion = "Xcode 13.0";
			developmentRegion = en;
			hasScannedForEncodings = 0;
			knownRegions = (
				en,
				Base,
			);
			mainGroup = E80A94FE272AC45400854489;
			productRefGroup = E80A9508272AC45400854489 /* Products */;
			projectDirPath = "";
			projectRoot = "";
			targets = (
				E80A9506272AC45400854489 /* chatApp */,
			);
		};
/* End PBXProject section */

/* Begin PBXResourcesBuildPhase section */
		E80A9505272AC45400854489 /* Resources */ = {
			isa = PBXResourcesBuildPhase;
			buildActionMask = 2147483647;
			files = (
				E80A9517272AC45500854489 /* LaunchScreen.storyboard in Resources */,
				E80A951F272ADF4300854489 /* GoogleService-Info.plist in Resources */,
				E80A9514272AC45500854489 /* Assets.xcassets in Resources */,
			);
			runOnlyForDeploymentPostprocessing = 0;
		};
/* End PBXResourcesBuildPhase section */

/* Begin PBXShellScriptBuildPhase section */
		4827507468E4F62B824C9048 /* [CP] Embed Pods Frameworks */ = {
			isa = PBXShellScriptBuildPhase;
			buildActionMask = 2147483647;
			files = (
			);
			inputFileListPaths = (
				"${PODS_ROOT}/Target Support Files/Pods-chatApp/Pods-chatApp-frameworks-${CONFIGURATION}-input-files.xcfilelist",
			);
			name = "[CP] Embed Pods Frameworks";
			outputFileListPaths = (
				"${PODS_ROOT}/Target Support Files/Pods-chatApp/Pods-chatApp-frameworks-${CONFIGURATION}-output-files.xcfilelist",
			);
			runOnlyForDeploymentPostprocessing = 0;
			shellPath = /bin/sh;
			shellScript = "\"${PODS_ROOT}/Target Support Files/Pods-chatApp/Pods-chatApp-frameworks.sh\"\n";
			showEnvVarsInLog = 0;
		};
		D2A9C770EB0151FD4364EECF /* [CP] Check Pods Manifest.lock */ = {
			isa = PBXShellScriptBuildPhase;
			buildActionMask = 2147483647;
			files = (
			);
			inputFileListPaths = (
			);
			inputPaths = (
				"${PODS_PODFILE_DIR_PATH}/Podfile.lock",
				"${PODS_ROOT}/Manifest.lock",
			);
			name = "[CP] Check Pods Manifest.lock";
			outputFileListPaths = (
			);
			outputPaths = (
				"$(DERIVED_FILE_DIR)/Pods-chatApp-checkManifestLockResult.txt",
			);
			runOnlyForDeploymentPostprocessing = 0;
			shellPath = /bin/sh;
			shellScript = "diff \"${PODS_PODFILE_DIR_PATH}/Podfile.lock\" \"${PODS_ROOT}/Manifest.lock\" > /dev/null\nif [ $? != 0 ] ; then\n    # print error to STDERR\n    echo \"error: The sandbox is not in sync with the Podfile.lock. Run 'pod install' or update your CocoaPods installation.\" >&2\n    exit 1\nfi\n# This output is used by Xcode 'outputs' to avoid re-running this script phase.\necho \"SUCCESS\" > \"${SCRIPT_OUTPUT_FILE_0}\"\n";
			showEnvVarsInLog = 0;
		};
/* End PBXShellScriptBuildPhase section */

/* Begin PBXSourcesBuildPhase section */
		E80A9503272AC45400854489 /* Sources */ = {
			isa = PBXSourcesBuildPhase;
			buildActionMask = 2147483647;
			files = (
				E80A9527272DD08F00854489 /* RegisterScreen.swift in Sources */,
				E80A952D272DD11C00854489 /* DirectMessageScreen.swift in Sources */,
				E80A9529272DD0D200854489 /* ChatScreen.swift in Sources */,
				E80A950B272AC45400854489 /* AppDelegate.swift in Sources */,
				E80A9531272FC73B00854489 /* settingScreen.swift in Sources */,
				E80A950D272AC45400854489 /* SceneDelegate.swift in Sources */,
				E80A952B272DD0F600854489 /* ChatScreenTableViewCell.swift in Sources */,
				E80A953327306E9500854489 /* TabBarCustom.swift in Sources */,
				E80A952F272DD15500854489 /* DBModel.swift in Sources */,
			);
			runOnlyForDeploymentPostprocessing = 0;
		};
/* End PBXSourcesBuildPhase section */

/* Begin PBXVariantGroup section */
		E80A9515272AC45500854489 /* LaunchScreen.storyboard */ = {
			isa = PBXVariantGroup;
			children = (
				E80A9516272AC45500854489 /* Base */,
			);
			name = LaunchScreen.storyboard;
			sourceTree = "<group>";
		};
/* End PBXVariantGroup section */

/* Begin XCBuildConfiguration section */
		E80A9519272AC45500854489 /* Debug */ = {
			isa = XCBuildConfiguration;
			buildSettings = {
				ALWAYS_SEARCH_USER_PATHS = NO;
				CLANG_ANALYZER_NONNULL = YES;
				CLANG_ANALYZER_NUMBER_OBJECT_CONVERSION = YES_AGGRESSIVE;
				CLANG_CXX_LANGUAGE_STANDARD = "gnu++17";
				CLANG_CXX_LIBRARY = "libc++";
				CLANG_ENABLE_MODULES = YES;
				CLANG_ENABLE_OBJC_ARC = YES;
				CLANG_ENABLE_OBJC_WEAK = YES;
				CLANG_WARN_BLOCK_CAPTURE_AUTORELEASING = YES;
				CLANG_WARN_BOOL_CONVERSION = YES;
				CLANG_WARN_COMMA = YES;
				CLANG_WARN_CONSTANT_CONVERSION = YES;
				CLANG_WARN_DEPRECATED_OBJC_IMPLEMENTATIONS = YES;
				CLANG_WARN_DIRECT_OBJC_ISA_USAGE = YES_ERROR;
				CLANG_WARN_DOCUMENTATION_COMMENTS = YES;
				CLANG_WARN_EMPTY_BODY = YES;
				CLANG_WARN_ENUM_CONVERSION = YES;
				CLANG_WARN_INFINITE_RECURSION = YES;
				CLANG_WARN_INT_CONVERSION = YES;
				CLANG_WARN_NON_LITERAL_NULL_CONVERSION = YES;
				CLANG_WARN_OBJC_IMPLICIT_RETAIN_SELF = YES;
				CLANG_WARN_OBJC_LITERAL_CONVERSION = YES;
				CLANG_WARN_OBJC_ROOT_CLASS = YES_ERROR;
				CLANG_WARN_QUOTED_INCLUDE_IN_FRAMEWORK_HEADER = YES;
				CLANG_WARN_RANGE_LOOP_ANALYSIS = YES;
				CLANG_WARN_STRICT_PROTOTYPES = YES;
				CLANG_WARN_SUSPICIOUS_MOVE = YES;
				CLANG_WARN_UNGUARDED_AVAILABILITY = YES_AGGRESSIVE;
				CLANG_WARN_UNREACHABLE_CODE = YES;
				CLANG_WARN__DUPLICATE_METHOD_MATCH = YES;
				COPY_PHASE_STRIP = NO;
				DEBUG_INFORMATION_FORMAT = dwarf;
				ENABLE_STRICT_OBJC_MSGSEND = YES;
				ENABLE_TESTABILITY = YES;
				GCC_C_LANGUAGE_STANDARD = gnu11;
				GCC_DYNAMIC_NO_PIC = NO;
				GCC_NO_COMMON_BLOCKS = YES;
				GCC_OPTIMIZATION_LEVEL = 0;
				GCC_PREPROCESSOR_DEFINITIONS = (
					"DEBUG=1",
					"$(inherited)",
				);
				GCC_WARN_64_TO_32_BIT_CONVERSION = YES;
				GCC_WARN_ABOUT_RETURN_TYPE = YES_ERROR;
				GCC_WARN_UNDECLARED_SELECTOR = YES;
				GCC_WARN_UNINITIALIZED_AUTOS = YES_AGGRESSIVE;
				GCC_WARN_UNUSED_FUNCTION = YES;
				GCC_WARN_UNUSED_VARIABLE = YES;
				IPHONEOS_DEPLOYMENT_TARGET = 15.0;
				MTL_ENABLE_DEBUG_INFO = INCLUDE_SOURCE;
				MTL_FAST_MATH = YES;
				ONLY_ACTIVE_ARCH = YES;
				SDKROOT = iphoneos;
				SWIFT_ACTIVE_COMPILATION_CONDITIONS = DEBUG;
				SWIFT_OPTIMIZATION_LEVEL = "-Onone";
			};
			name = Debug;
		};
		E80A951A272AC45500854489 /* Release */ = {
			isa = XCBuildConfiguration;
			buildSettings = {
				ALWAYS_SEARCH_USER_PATHS = NO;
				CLANG_ANALYZER_NONNULL = YES;
				CLANG_ANALYZER_NUMBER_OBJECT_CONVERSION = YES_AGGRESSIVE;
				CLANG_CXX_LANGUAGE_STANDARD = "gnu++17";
				CLANG_CXX_LIBRARY = "libc++";
				CLANG_ENABLE_MODULES = YES;
				CLANG_ENABLE_OBJC_ARC = YES;
				CLANG_ENABLE_OBJC_WEAK = YES;
				CLANG_WARN_BLOCK_CAPTURE_AUTORELEASING = YES;
				CLANG_WARN_BOOL_CONVERSION = YES;
				CLANG_WARN_COMMA = YES;
				CLANG_WARN_CONSTANT_CONVERSION = YES;
				CLANG_WARN_DEPRECATED_OBJC_IMPLEMENTATIONS = YES;
				CLANG_WARN_DIRECT_OBJC_ISA_USAGE = YES_ERROR;
				CLANG_WARN_DOCUMENTATION_COMMENTS = YES;
				CLANG_WARN_EMPTY_BODY = YES;
				CLANG_WARN_ENUM_CONVERSION = YES;
				CLANG_WARN_INFINITE_RECURSION = YES;
				CLANG_WARN_INT_CONVERSION = YES;
				CLANG_WARN_NON_LITERAL_NULL_CONVERSION = YES;
				CLANG_WARN_OBJC_IMPLICIT_RETAIN_SELF = YES;
				CLANG_WARN_OBJC_LITERAL_CONVERSION = YES;
				CLANG_WARN_OBJC_ROOT_CLASS = YES_ERROR;
				CLANG_WARN_QUOTED_INCLUDE_IN_FRAMEWORK_HEADER = YES;
				CLANG_WARN_RANGE_LOOP_ANALYSIS = YES;
				CLANG_WARN_STRICT_PROTOTYPES = YES;
				CLANG_WARN_SUSPICIOUS_MOVE = YES;
				CLANG_WARN_UNGUARDED_AVAILABILITY = YES_AGGRESSIVE;
				CLANG_WARN_UNREACHABLE_CODE = YES;
				CLANG_WARN__DUPLICATE_METHOD_MATCH = YES;
				COPY_PHASE_STRIP = NO;
				DEBUG_INFORMATION_FORMAT = "dwarf-with-dsym";
				ENABLE_NS_ASSERTIONS = NO;
				ENABLE_STRICT_OBJC_MSGSEND = YES;
				GCC_C_LANGUAGE_STANDARD = gnu11;
				GCC_NO_COMMON_BLOCKS = YES;
				GCC_WARN_64_TO_32_BIT_CONVERSION = YES;
				GCC_WARN_ABOUT_RETURN_TYPE = YES_ERROR;
				GCC_WARN_UNDECLARED_SELECTOR = YES;
				GCC_WARN_UNINITIALIZED_AUTOS = YES_AGGRESSIVE;
				GCC_WARN_UNUSED_FUNCTION = YES;
				GCC_WARN_UNUSED_VARIABLE = YES;
				IPHONEOS_DEPLOYMENT_TARGET = 15.0;
				MTL_ENABLE_DEBUG_INFO = NO;
				MTL_FAST_MATH = YES;
				SDKROOT = iphoneos;
				SWIFT_COMPILATION_MODE = wholemodule;
				SWIFT_OPTIMIZATION_LEVEL = "-O";
				VALIDATE_PRODUCT = YES;
			};
			name = Release;
		};
		E80A951C272AC45500854489 /* Debug */ = {
			isa = XCBuildConfiguration;
			baseConfigurationReference = CB8BBB55D6EDCD9A6C1A9874 /* Pods-chatApp.debug.xcconfig */;
			buildSettings = {
				ASSETCATALOG_COMPILER_APPICON_NAME = AppIcon;
				ASSETCATALOG_COMPILER_GLOBAL_ACCENT_COLOR_NAME = AccentColor;
				CODE_SIGN_STYLE = Automatic;
				CURRENT_PROJECT_VERSION = 1;
				GENERATE_INFOPLIST_FILE = YES;
				INFOPLIST_FILE = chatApp/Info.plist;
				INFOPLIST_KEY_UIApplicationSupportsIndirectInputEvents = YES;
				INFOPLIST_KEY_UILaunchStoryboardName = LaunchScreen;
				INFOPLIST_KEY_UISupportedInterfaceOrientations_iPad = "UIInterfaceOrientationPortrait UIInterfaceOrientationPortraitUpsideDown UIInterfaceOrientationLandscapeLeft UIInterfaceOrientationLandscapeRight";
				INFOPLIST_KEY_UISupportedInterfaceOrientations_iPhone = "UIInterfaceOrientationPortrait UIInterfaceOrientationLandscapeLeft UIInterfaceOrientationLandscapeRight";
				LD_RUNPATH_SEARCH_PATHS = (
					"$(inherited)",
					"@executable_path/Frameworks",
				);
				MARKETING_VERSION = 1.0;
				PRODUCT_BUNDLE_IDENTIFIER = SanaAlshahrani.chatApp;
				PRODUCT_NAME = "$(TARGET_NAME)";
				SWIFT_EMIT_LOC_STRINGS = YES;
				SWIFT_VERSION = 5.0;
				TARGETED_DEVICE_FAMILY = "1,2";
			};
			name = Debug;
		};
		E80A951D272AC45500854489 /* Release */ = {
			isa = XCBuildConfiguration;
			baseConfigurationReference = 5C705DAD43DF2C49B93390FB /* Pods-chatApp.release.xcconfig */;
			buildSettings = {
				ASSETCATALOG_COMPILER_APPICON_NAME = AppIcon;
				ASSETCATALOG_COMPILER_GLOBAL_ACCENT_COLOR_NAME = AccentColor;
				CODE_SIGN_STYLE = Automatic;
				CURRENT_PROJECT_VERSION = 1;
				GENERATE_INFOPLIST_FILE = YES;
				INFOPLIST_FILE = chatApp/Info.plist;
				INFOPLIST_KEY_UIApplicationSupportsIndirectInputEvents = YES;
				INFOPLIST_KEY_UILaunchStoryboardName = LaunchScreen;
				INFOPLIST_KEY_UISupportedInterfaceOrientations_iPad = "UIInterfaceOrientationPortrait UIInterfaceOrientationPortraitUpsideDown UIInterfaceOrientationLandscapeLeft UIInterfaceOrientationLandscapeRight";
				INFOPLIST_KEY_UISupportedInterfaceOrientations_iPhone = "UIInterfaceOrientationPortrait UIInterfaceOrientationLandscapeLeft UIInterfaceOrientationLandscapeRight";
				LD_RUNPATH_SEARCH_PATHS = (
					"$(inherited)",
					"@executable_path/Frameworks",
				);
				MARKETING_VERSION = 1.0;
				PRODUCT_BUNDLE_IDENTIFIER = SanaAlshahrani.chatApp;
				PRODUCT_NAME = "$(TARGET_NAME)";
				SWIFT_EMIT_LOC_STRINGS = YES;
				SWIFT_VERSION = 5.0;
				TARGETED_DEVICE_FAMILY = "1,2";
			};
			name = Release;
		};
/* End XCBuildConfiguration section */

/* Begin XCConfigurationList section */
		E80A9502272AC45400854489 /* Build configuration list for PBXProject "chatApp" */ = {
			isa = XCConfigurationList;
			buildConfigurations = (
				E80A9519272AC45500854489 /* Debug */,
				E80A951A272AC45500854489 /* Release */,
			);
			defaultConfigurationIsVisible = 0;
			defaultConfigurationName = Release;
		};
		E80A951B272AC45500854489 /* Build configuration list for PBXNativeTarget "chatApp" */ = {
			isa = XCConfigurationList;
			buildConfigurations = (
				E80A951C272AC45500854489 /* Debug */,
				E80A951D272AC45500854489 /* Release */,
			);
			defaultConfigurationIsVisible = 0;
			defaultConfigurationName = Release;
		};
/* End XCConfigurationList section */
	};
	rootObject = E80A94FF272AC45400854489 /* Project object */;
}
