// !$*UTF8*$!
{
	archiveVersion = 1;
	classes = {
	};
	objectVersion = 55;
	objects = {

/* Begin PBXBuildFile section */
		7FE76712B95E32CD9023D852 /* Pods_Whatsapp.framework in Frameworks */ = {isa = PBXBuildFile; fileRef = B4A2EB87F8540BDB00BDA5B7 /* Pods_Whatsapp.framework */; };
		CCA721C6273D031F0000625B /* File3.swift in Sources */ = {isa = PBXBuildFile; fileRef = CCA721C5273D031F0000625B /* File3.swift */; };
		CCA721C8273D03300000625B /* File6.swift in Sources */ = {isa = PBXBuildFile; fileRef = CCA721C7273D03300000625B /* File6.swift */; };
		CCA721CA273D03380000625B /* File2.swift in Sources */ = {isa = PBXBuildFile; fileRef = CCA721C9273D03380000625B /* File2.swift */; };
		CCA721CC273D03410000625B /* File4.swift in Sources */ = {isa = PBXBuildFile; fileRef = CCA721CB273D03410000625B /* File4.swift */; };
		CCA721D0273D040B0000625B /* File5.swift in Sources */ = {isa = PBXBuildFile; fileRef = CCA721CF273D040B0000625B /* File5.swift */; };
		CCBE84442731B925000EC58D /* File1.swift in Sources */ = {isa = PBXBuildFile; fileRef = CCBE84432731B925000EC58D /* File1.swift */; };
		CCE09958272D85EB0052A81B /* AppDelegate.swift in Sources */ = {isa = PBXBuildFile; fileRef = CCE09957272D85EB0052A81B /* AppDelegate.swift */; };
		CCE0995A272D85EB0052A81B /* SceneDelegate.swift in Sources */ = {isa = PBXBuildFile; fileRef = CCE09959272D85EB0052A81B /* SceneDelegate.swift */; };
		CCE09961272D85EB0052A81B /* Assets.xcassets in Resources */ = {isa = PBXBuildFile; fileRef = CCE09960272D85EB0052A81B /* Assets.xcassets */; };
		CCE09964272D85EB0052A81B /* LaunchScreen.storyboard in Resources */ = {isa = PBXBuildFile; fileRef = CCE09962272D85EB0052A81B /* LaunchScreen.storyboard */; };
		CCE0996C272D874D0052A81B /* GoogleService-Info.plist in Resources */ = {isa = PBXBuildFile; fileRef = CCE0996B272D874D0052A81B /* GoogleService-Info.plist */; };
/* End PBXBuildFile section */

/* Begin PBXFileReference section */
		180A0B15675858B90D43D76D /* Pods-Whatsapp.debug.xcconfig */ = {isa = PBXFileReference; includeInIndex = 1; lastKnownFileType = text.xcconfig; name = "Pods-Whatsapp.debug.xcconfig"; path = "Target Support Files/Pods-Whatsapp/Pods-Whatsapp.debug.xcconfig"; sourceTree = "<group>"; };
		A2BEBC1D516E290D7C9948AF /* Pods-Whatsapp.release.xcconfig */ = {isa = PBXFileReference; includeInIndex = 1; lastKnownFileType = text.xcconfig; name = "Pods-Whatsapp.release.xcconfig"; path = "Target Support Files/Pods-Whatsapp/Pods-Whatsapp.release.xcconfig"; sourceTree = "<group>"; };
		B4A2EB87F8540BDB00BDA5B7 /* Pods_Whatsapp.framework */ = {isa = PBXFileReference; explicitFileType = wrapper.framework; includeInIndex = 0; path = Pods_Whatsapp.framework; sourceTree = BUILT_PRODUCTS_DIR; };
		CCA721C5273D031F0000625B /* File3.swift */ = {isa = PBXFileReference; lastKnownFileType = sourcecode.swift; path = File3.swift; sourceTree = "<group>"; };
		CCA721C7273D03300000625B /* File6.swift */ = {isa = PBXFileReference; lastKnownFileType = sourcecode.swift; path = File6.swift; sourceTree = "<group>"; };
		CCA721C9273D03380000625B /* File2.swift */ = {isa = PBXFileReference; lastKnownFileType = sourcecode.swift; path = File2.swift; sourceTree = "<group>"; };
		CCA721CB273D03410000625B /* File4.swift */ = {isa = PBXFileReference; lastKnownFileType = sourcecode.swift; path = File4.swift; sourceTree = "<group>"; };
		CCA721CF273D040B0000625B /* File5.swift */ = {isa = PBXFileReference; lastKnownFileType = sourcecode.swift; path = File5.swift; sourceTree = "<group>"; };
		CCBE84432731B925000EC58D /* File1.swift */ = {isa = PBXFileReference; lastKnownFileType = sourcecode.swift; path = File1.swift; sourceTree = "<group>"; };
		CCE09954272D85EB0052A81B /* Whatsapp.app */ = {isa = PBXFileReference; explicitFileType = wrapper.application; includeInIndex = 0; path = Whatsapp.app; sourceTree = BUILT_PRODUCTS_DIR; };
		CCE09957272D85EB0052A81B /* AppDelegate.swift */ = {isa = PBXFileReference; lastKnownFileType = sourcecode.swift; path = AppDelegate.swift; sourceTree = "<group>"; };
		CCE09959272D85EB0052A81B /* SceneDelegate.swift */ = {isa = PBXFileReference; lastKnownFileType = sourcecode.swift; path = SceneDelegate.swift; sourceTree = "<group>"; };
		CCE09960272D85EB0052A81B /* Assets.xcassets */ = {isa = PBXFileReference; lastKnownFileType = folder.assetcatalog; path = Assets.xcassets; sourceTree = "<group>"; };
		CCE09963272D85EB0052A81B /* Base */ = {isa = PBXFileReference; lastKnownFileType = file.storyboard; name = Base; path = Base.lproj/LaunchScreen.storyboard; sourceTree = "<group>"; };
		CCE09965272D85EB0052A81B /* Info.plist */ = {isa = PBXFileReference; lastKnownFileType = text.plist.xml; path = Info.plist; sourceTree = "<group>"; };
		CCE0996B272D874D0052A81B /* GoogleService-Info.plist */ = {isa = PBXFileReference; fileEncoding = 4; lastKnownFileType = text.plist.xml; path = "GoogleService-Info.plist"; sourceTree = "<group>"; };
/* End PBXFileReference section */

/* Begin PBXFrameworksBuildPhase section */
		CCE09951272D85EB0052A81B /* Frameworks */ = {
			isa = PBXFrameworksBuildPhase;
			buildActionMask = 2147483647;
			files = (
				7FE76712B95E32CD9023D852 /* Pods_Whatsapp.framework in Frameworks */,
			);
			runOnlyForDeploymentPostprocessing = 0;
		};
/* End PBXFrameworksBuildPhase section */

/* Begin PBXGroup section */
		CCE0994B272D85EB0052A81B = {
			isa = PBXGroup;
			children = (
				CCE09956272D85EB0052A81B /* Whatsapp */,
				CCE09955272D85EB0052A81B /* Products */,
				F5679601DC251A8AD4982085 /* Pods */,
				F573D939C91E21661056FA30 /* Frameworks */,
			);
			sourceTree = "<group>";
		};
		CCE09955272D85EB0052A81B /* Products */ = {
			isa = PBXGroup;
			children = (
				CCE09954272D85EB0052A81B /* Whatsapp.app */,
			);
			name = Products;
			sourceTree = "<group>";
		};
		CCE09956272D85EB0052A81B /* Whatsapp */ = {
			isa = PBXGroup;
			children = (
				CCE09957272D85EB0052A81B /* AppDelegate.swift */,
				CCE0996B272D874D0052A81B /* GoogleService-Info.plist */,
				CCE09959272D85EB0052A81B /* SceneDelegate.swift */,
				CCE09960272D85EB0052A81B /* Assets.xcassets */,
				CCE09962272D85EB0052A81B /* LaunchScreen.storyboard */,
				CCE09965272D85EB0052A81B /* Info.plist */,
				CCBE84432731B925000EC58D /* File1.swift */,
				CCA721C9273D03380000625B /* File2.swift */,
				CCA721C5273D031F0000625B /* File3.swift */,
				CCA721CB273D03410000625B /* File4.swift */,
				CCA721CF273D040B0000625B /* File5.swift */,
				CCA721C7273D03300000625B /* File6.swift */,
			);
			path = Whatsapp;
			sourceTree = "<group>";
		};
		F5679601DC251A8AD4982085 /* Pods */ = {
			isa = PBXGroup;
			children = (
				180A0B15675858B90D43D76D /* Pods-Whatsapp.debug.xcconfig */,
				A2BEBC1D516E290D7C9948AF /* Pods-Whatsapp.release.xcconfig */,
			);
			path = Pods;
			sourceTree = "<group>";
		};
		F573D939C91E21661056FA30 /* Frameworks */ = {
			isa = PBXGroup;
			children = (
				B4A2EB87F8540BDB00BDA5B7 /* Pods_Whatsapp.framework */,
			);
			name = Frameworks;
			sourceTree = "<group>";
		};
/* End PBXGroup section */

/* Begin PBXNativeTarget section */
		CCE09953272D85EB0052A81B /* Whatsapp */ = {
			isa = PBXNativeTarget;
			buildConfigurationList = CCE09968272D85EB0052A81B /* Build configuration list for PBXNativeTarget "Whatsapp" */;
			buildPhases = (
				FA079E24C5B7F6E34D8CEF10 /* [CP] Check Pods Manifest.lock */,
				CCE09950272D85EB0052A81B /* Sources */,
				CCE09951272D85EB0052A81B /* Frameworks */,
				CCE09952272D85EB0052A81B /* Resources */,
				CDF69E7006430D52611CE58B /* [CP] Embed Pods Frameworks */,
			);
			buildRules = (
			);
			dependencies = (
			);
			name = Whatsapp;
			productName = Whatsapp;
			productReference = CCE09954272D85EB0052A81B /* Whatsapp.app */;
			productType = "com.apple.product-type.application";
		};
/* End PBXNativeTarget section */

/* Begin PBXProject section */
		CCE0994C272D85EB0052A81B /* Project object */ = {
			isa = PBXProject;
			attributes = {
				BuildIndependentTargetsInParallel = 1;
				LastSwiftUpdateCheck = 1310;
				LastUpgradeCheck = 1310;
				TargetAttributes = {
					CCE09953272D85EB0052A81B = {
						CreatedOnToolsVersion = 13.1;
					};
				};
			};
			buildConfigurationList = CCE0994F272D85EB0052A81B /* Build configuration list for PBXProject "Whatsapp" */;
			compatibilityVersion = "Xcode 13.0";
			developmentRegion = en;
			hasScannedForEncodings = 0;
			knownRegions = (
				en,
				Base,
			);
			mainGroup = CCE0994B272D85EB0052A81B;
			productRefGroup = CCE09955272D85EB0052A81B /* Products */;
			projectDirPath = "";
			projectRoot = "";
			targets = (
				CCE09953272D85EB0052A81B /* Whatsapp */,
			);
		};
/* End PBXProject section */

/* Begin PBXResourcesBuildPhase section */
		CCE09952272D85EB0052A81B /* Resources */ = {
			isa = PBXResourcesBuildPhase;
			buildActionMask = 2147483647;
			files = (
				CCE09964272D85EB0052A81B /* LaunchScreen.storyboard in Resources */,
				CCE0996C272D874D0052A81B /* GoogleService-Info.plist in Resources */,
				CCE09961272D85EB0052A81B /* Assets.xcassets in Resources */,
			);
			runOnlyForDeploymentPostprocessing = 0;
		};
/* End PBXResourcesBuildPhase section */

/* Begin PBXShellScriptBuildPhase section */
		CDF69E7006430D52611CE58B /* [CP] Embed Pods Frameworks */ = {
			isa = PBXShellScriptBuildPhase;
			buildActionMask = 2147483647;
			files = (
			);
			inputFileListPaths = (
				"${PODS_ROOT}/Target Support Files/Pods-Whatsapp/Pods-Whatsapp-frameworks-${CONFIGURATION}-input-files.xcfilelist",
			);
			name = "[CP] Embed Pods Frameworks";
			outputFileListPaths = (
				"${PODS_ROOT}/Target Support Files/Pods-Whatsapp/Pods-Whatsapp-frameworks-${CONFIGURATION}-output-files.xcfilelist",
			);
			runOnlyForDeploymentPostprocessing = 0;
			shellPath = /bin/sh;
			shellScript = "\"${PODS_ROOT}/Target Support Files/Pods-Whatsapp/Pods-Whatsapp-frameworks.sh\"\n";
			showEnvVarsInLog = 0;
		};
		FA079E24C5B7F6E34D8CEF10 /* [CP] Check Pods Manifest.lock */ = {
			isa = PBXShellScriptBuildPhase;
			buildActionMask = 2147483647;
			files = (
			);
			inputFileListPaths = (
			);
			inputPaths = (
				"${PODS_PODFILE_DIR_PATH}/Podfile.lock",
				"${PODS_ROOT}/Manifest.lock",
			);
			name = "[CP] Check Pods Manifest.lock";
			outputFileListPaths = (
			);
			outputPaths = (
				"$(DERIVED_FILE_DIR)/Pods-Whatsapp-checkManifestLockResult.txt",
			);
			runOnlyForDeploymentPostprocessing = 0;
			shellPath = /bin/sh;
			shellScript = "diff \"${PODS_PODFILE_DIR_PATH}/Podfile.lock\" \"${PODS_ROOT}/Manifest.lock\" > /dev/null\nif [ $? != 0 ] ; then\n    # print error to STDERR\n    echo \"error: The sandbox is not in sync with the Podfile.lock. Run 'pod install' or update your CocoaPods installation.\" >&2\n    exit 1\nfi\n# This output is used by Xcode 'outputs' to avoid re-running this script phase.\necho \"SUCCESS\" > \"${SCRIPT_OUTPUT_FILE_0}\"\n";
			showEnvVarsInLog = 0;
		};
/* End PBXShellScriptBuildPhase section */

/* Begin PBXSourcesBuildPhase section */
		CCE09950272D85EB0052A81B /* Sources */ = {
			isa = PBXSourcesBuildPhase;
			buildActionMask = 2147483647;
			files = (
				CCA721CC273D03410000625B /* File4.swift in Sources */,
				CCA721C8273D03300000625B /* File6.swift in Sources */,
				CCE09958272D85EB0052A81B /* AppDelegate.swift in Sources */,
				CCBE84442731B925000EC58D /* File1.swift in Sources */,
				CCA721CA273D03380000625B /* File2.swift in Sources */,
				CCA721C6273D031F0000625B /* File3.swift in Sources */,
				CCA721D0273D040B0000625B /* File5.swift in Sources */,
				CCE0995A272D85EB0052A81B /* SceneDelegate.swift in Sources */,
			);
			runOnlyForDeploymentPostprocessing = 0;
		};
/* End PBXSourcesBuildPhase section */

/* Begin PBXVariantGroup section */
		CCE09962272D85EB0052A81B /* LaunchScreen.storyboard */ = {
			isa = PBXVariantGroup;
			children = (
				CCE09963272D85EB0052A81B /* Base */,
			);
			name = LaunchScreen.storyboard;
			sourceTree = "<group>";
		};
/* End PBXVariantGroup section */

/* Begin XCBuildConfiguration section */
		CCE09966272D85EB0052A81B /* Debug */ = {
			isa = XCBuildConfiguration;
			buildSettings = {
				ALWAYS_SEARCH_USER_PATHS = NO;
				CLANG_ANALYZER_NONNULL = YES;
				CLANG_ANALYZER_NUMBER_OBJECT_CONVERSION = YES_AGGRESSIVE;
				CLANG_CXX_LANGUAGE_STANDARD = "gnu++17";
				CLANG_CXX_LIBRARY = "libc++";
				CLANG_ENABLE_MODULES = YES;
				CLANG_ENABLE_OBJC_ARC = YES;
				CLANG_ENABLE_OBJC_WEAK = YES;
				CLANG_WARN_BLOCK_CAPTURE_AUTORELEASING = YES;
				CLANG_WARN_BOOL_CONVERSION = YES;
				CLANG_WARN_COMMA = YES;
				CLANG_WARN_CONSTANT_CONVERSION = YES;
				CLANG_WARN_DEPRECATED_OBJC_IMPLEMENTATIONS = YES;
				CLANG_WARN_DIRECT_OBJC_ISA_USAGE = YES_ERROR;
				CLANG_WARN_DOCUMENTATION_COMMENTS = YES;
				CLANG_WARN_EMPTY_BODY = YES;
				CLANG_WARN_ENUM_CONVERSION = YES;
				CLANG_WARN_INFINITE_RECURSION = YES;
				CLANG_WARN_INT_CONVERSION = YES;
				CLANG_WARN_NON_LITERAL_NULL_CONVERSION = YES;
				CLANG_WARN_OBJC_IMPLICIT_RETAIN_SELF = YES;
				CLANG_WARN_OBJC_LITERAL_CONVERSION = YES;
				CLANG_WARN_OBJC_ROOT_CLASS = YES_ERROR;
				CLANG_WARN_QUOTED_INCLUDE_IN_FRAMEWORK_HEADER = YES;
				CLANG_WARN_RANGE_LOOP_ANALYSIS = YES;
				CLANG_WARN_STRICT_PROTOTYPES = YES;
				CLANG_WARN_SUSPICIOUS_MOVE = YES;
				CLANG_WARN_UNGUARDED_AVAILABILITY = YES_AGGRESSIVE;
				CLANG_WARN_UNREACHABLE_CODE = YES;
				CLANG_WARN__DUPLICATE_METHOD_MATCH = YES;
				COPY_PHASE_STRIP = NO;
				DEBUG_INFORMATION_FORMAT = dwarf;
				ENABLE_STRICT_OBJC_MSGSEND = YES;
				ENABLE_TESTABILITY = YES;
				GCC_C_LANGUAGE_STANDARD = gnu11;
				GCC_DYNAMIC_NO_PIC = NO;
				GCC_NO_COMMON_BLOCKS = YES;
				GCC_OPTIMIZATION_LEVEL = 0;
				GCC_PREPROCESSOR_DEFINITIONS = (
					"DEBUG=1",
					"$(inherited)",
				);
				GCC_WARN_64_TO_32_BIT_CONVERSION = YES;
				GCC_WARN_ABOUT_RETURN_TYPE = YES_ERROR;
				GCC_WARN_UNDECLARED_SELECTOR = YES;
				GCC_WARN_UNINITIALIZED_AUTOS = YES_AGGRESSIVE;
				GCC_WARN_UNUSED_FUNCTION = YES;
				GCC_WARN_UNUSED_VARIABLE = YES;
				IPHONEOS_DEPLOYMENT_TARGET = 14.7;
				MTL_ENABLE_DEBUG_INFO = INCLUDE_SOURCE;
				MTL_FAST_MATH = YES;
				ONLY_ACTIVE_ARCH = YES;
				SDKROOT = iphoneos;
				SWIFT_ACTIVE_COMPILATION_CONDITIONS = DEBUG;
				SWIFT_OPTIMIZATION_LEVEL = "-Onone";
			};
			name = Debug;
		};
		CCE09967272D85EB0052A81B /* Release */ = {
			isa = XCBuildConfiguration;
			buildSettings = {
				ALWAYS_SEARCH_USER_PATHS = NO;
				CLANG_ANALYZER_NONNULL = YES;
				CLANG_ANALYZER_NUMBER_OBJECT_CONVERSION = YES_AGGRESSIVE;
				CLANG_CXX_LANGUAGE_STANDARD = "gnu++17";
				CLANG_CXX_LIBRARY = "libc++";
				CLANG_ENABLE_MODULES = YES;
				CLANG_ENABLE_OBJC_ARC = YES;
				CLANG_ENABLE_OBJC_WEAK = YES;
				CLANG_WARN_BLOCK_CAPTURE_AUTORELEASING = YES;
				CLANG_WARN_BOOL_CONVERSION = YES;
				CLANG_WARN_COMMA = YES;
				CLANG_WARN_CONSTANT_CONVERSION = YES;
				CLANG_WARN_DEPRECATED_OBJC_IMPLEMENTATIONS = YES;
				CLANG_WARN_DIRECT_OBJC_ISA_USAGE = YES_ERROR;
				CLANG_WARN_DOCUMENTATION_COMMENTS = YES;
				CLANG_WARN_EMPTY_BODY = YES;
				CLANG_WARN_ENUM_CONVERSION = YES;
				CLANG_WARN_INFINITE_RECURSION = YES;
				CLANG_WARN_INT_CONVERSION = YES;
				CLANG_WARN_NON_LITERAL_NULL_CONVERSION = YES;
				CLANG_WARN_OBJC_IMPLICIT_RETAIN_SELF = YES;
				CLANG_WARN_OBJC_LITERAL_CONVERSION = YES;
				CLANG_WARN_OBJC_ROOT_CLASS = YES_ERROR;
				CLANG_WARN_QUOTED_INCLUDE_IN_FRAMEWORK_HEADER = YES;
				CLANG_WARN_RANGE_LOOP_ANALYSIS = YES;
				CLANG_WARN_STRICT_PROTOTYPES = YES;
				CLANG_WARN_SUSPICIOUS_MOVE = YES;
				CLANG_WARN_UNGUARDED_AVAILABILITY = YES_AGGRESSIVE;
				CLANG_WARN_UNREACHABLE_CODE = YES;
				CLANG_WARN__DUPLICATE_METHOD_MATCH = YES;
				COPY_PHASE_STRIP = NO;
				DEBUG_INFORMATION_FORMAT = "dwarf-with-dsym";
				ENABLE_NS_ASSERTIONS = NO;
				ENABLE_STRICT_OBJC_MSGSEND = YES;
				GCC_C_LANGUAGE_STANDARD = gnu11;
				GCC_NO_COMMON_BLOCKS = YES;
				GCC_WARN_64_TO_32_BIT_CONVERSION = YES;
				GCC_WARN_ABOUT_RETURN_TYPE = YES_ERROR;
				GCC_WARN_UNDECLARED_SELECTOR = YES;
				GCC_WARN_UNINITIALIZED_AUTOS = YES_AGGRESSIVE;
				GCC_WARN_UNUSED_FUNCTION = YES;
				GCC_WARN_UNUSED_VARIABLE = YES;
				IPHONEOS_DEPLOYMENT_TARGET = 14.7;
				MTL_ENABLE_DEBUG_INFO = NO;
				MTL_FAST_MATH = YES;
				SDKROOT = iphoneos;
				SWIFT_COMPILATION_MODE = wholemodule;
				SWIFT_OPTIMIZATION_LEVEL = "-O";
				VALIDATE_PRODUCT = YES;
			};
			name = Release;
		};
		CCE09969272D85EB0052A81B /* Debug */ = {
			isa = XCBuildConfiguration;
			baseConfigurationReference = 180A0B15675858B90D43D76D /* Pods-Whatsapp.debug.xcconfig */;
			buildSettings = {
				ASSETCATALOG_COMPILER_APPICON_NAME = AppIcon;
				ASSETCATALOG_COMPILER_GLOBAL_ACCENT_COLOR_NAME = AccentColor;
				CODE_SIGN_STYLE = Automatic;
				CURRENT_PROJECT_VERSION = 1;
				DEVELOPMENT_TEAM = TUQH58C925;
				GENERATE_INFOPLIST_FILE = YES;
				INFOPLIST_FILE = Whatsapp/Info.plist;
				INFOPLIST_KEY_UIApplicationSupportsIndirectInputEvents = YES;
				INFOPLIST_KEY_UILaunchStoryboardName = LaunchScreen;
				INFOPLIST_KEY_UISupportedInterfaceOrientations_iPad = "UIInterfaceOrientationPortrait UIInterfaceOrientationPortraitUpsideDown UIInterfaceOrientationLandscapeLeft UIInterfaceOrientationLandscapeRight";
				INFOPLIST_KEY_UISupportedInterfaceOrientations_iPhone = "UIInterfaceOrientationPortrait UIInterfaceOrientationLandscapeLeft UIInterfaceOrientationLandscapeRight";
				LD_RUNPATH_SEARCH_PATHS = (
					"$(inherited)",
					"@executable_path/Frameworks",
				);
				MARKETING_VERSION = 1.0;
				PRODUCT_BUNDLE_IDENTIFIER = f.Whatsapp;
				PRODUCT_NAME = "$(TARGET_NAME)";
				SWIFT_EMIT_LOC_STRINGS = YES;
				SWIFT_VERSION = 5.0;
				TARGETED_DEVICE_FAMILY = "1,2";
			};
			name = Debug;
		};
		CCE0996A272D85EB0052A81B /* Release */ = {
			isa = XCBuildConfiguration;
			baseConfigurationReference = A2BEBC1D516E290D7C9948AF /* Pods-Whatsapp.release.xcconfig */;
			buildSettings = {
				ASSETCATALOG_COMPILER_APPICON_NAME = AppIcon;
				ASSETCATALOG_COMPILER_GLOBAL_ACCENT_COLOR_NAME = AccentColor;
				CODE_SIGN_STYLE = Automatic;
				CURRENT_PROJECT_VERSION = 1;
				DEVELOPMENT_TEAM = TUQH58C925;
				GENERATE_INFOPLIST_FILE = YES;
				INFOPLIST_FILE = Whatsapp/Info.plist;
				INFOPLIST_KEY_UIApplicationSupportsIndirectInputEvents = YES;
				INFOPLIST_KEY_UILaunchStoryboardName = LaunchScreen;
				INFOPLIST_KEY_UISupportedInterfaceOrientations_iPad = "UIInterfaceOrientationPortrait UIInterfaceOrientationPortraitUpsideDown UIInterfaceOrientationLandscapeLeft UIInterfaceOrientationLandscapeRight";
				INFOPLIST_KEY_UISupportedInterfaceOrientations_iPhone = "UIInterfaceOrientationPortrait UIInterfaceOrientationLandscapeLeft UIInterfaceOrientationLandscapeRight";
				LD_RUNPATH_SEARCH_PATHS = (
					"$(inherited)",
					"@executable_path/Frameworks",
				);
				MARKETING_VERSION = 1.0;
				PRODUCT_BUNDLE_IDENTIFIER = f.Whatsapp;
				PRODUCT_NAME = "$(TARGET_NAME)";
				SWIFT_EMIT_LOC_STRINGS = YES;
				SWIFT_VERSION = 5.0;
				TARGETED_DEVICE_FAMILY = "1,2";
			};
			name = Release;
		};
/* End XCBuildConfiguration section */

/* Begin XCConfigurationList section */
		CCE0994F272D85EB0052A81B /* Build configuration list for PBXProject "Whatsapp" */ = {
			isa = XCConfigurationList;
			buildConfigurations = (
				CCE09966272D85EB0052A81B /* Debug */,
				CCE09967272D85EB0052A81B /* Release */,
			);
			defaultConfigurationIsVisible = 0;
			defaultConfigurationName = Release;
		};
		CCE09968272D85EB0052A81B /* Build configuration list for PBXNativeTarget "Whatsapp" */ = {
			isa = XCConfigurationList;
			buildConfigurations = (
				CCE09969272D85EB0052A81B /* Debug */,
				CCE0996A272D85EB0052A81B /* Release */,
			);
			defaultConfigurationIsVisible = 0;
			defaultConfigurationName = Release;
		};
/* End XCConfigurationList section */
	};
	rootObject = CCE0994C272D85EB0052A81B /* Project object */;
}
